// !$*UTF8*$!
{
	archiveVersion = 1;
	classes = {
	};
	objectVersion = 50;
	objects = {

/* Begin PBXBuildFile section */
		2EE8026DD1CDCAD57918D0B2 /* Pods_Tasveer.framework in Frameworks */ = {isa = PBXBuildFile; fileRef = BDD6DB779EF3AD402240BA83 /* Pods_Tasveer.framework */; };
		B2954B3A227C405700B8D37C /* AppDelegate.swift in Sources */ = {isa = PBXBuildFile; fileRef = B2954B39227C405700B8D37C /* AppDelegate.swift */; };
		B2954B3C227C405700B8D37C /* ViewController.swift in Sources */ = {isa = PBXBuildFile; fileRef = B2954B3B227C405700B8D37C /* ViewController.swift */; };
		B2954B3F227C405700B8D37C /* Main.storyboard in Resources */ = {isa = PBXBuildFile; fileRef = B2954B3D227C405700B8D37C /* Main.storyboard */; };
		B2954B42227C405700B8D37C /* Tasveer.xcdatamodeld in Sources */ = {isa = PBXBuildFile; fileRef = B2954B40227C405700B8D37C /* Tasveer.xcdatamodeld */; };
		B2954B44227C405800B8D37C /* Assets.xcassets in Resources */ = {isa = PBXBuildFile; fileRef = B2954B43227C405800B8D37C /* Assets.xcassets */; };
		B2954B47227C405800B8D37C /* LaunchScreen.storyboard in Resources */ = {isa = PBXBuildFile; fileRef = B2954B45227C405800B8D37C /* LaunchScreen.storyboard */; };
		B2954B52227C48BA00B8D37C /* FabricsManager.swift in Sources */ = {isa = PBXBuildFile; fileRef = B2954B51227C48BA00B8D37C /* FabricsManager.swift */; };
		B2954B55227C4A2A00B8D37C /* Router.swift in Sources */ = {isa = PBXBuildFile; fileRef = B2954B54227C4A2A00B8D37C /* Router.swift */; };
		B2954B58227C7D6000B8D37C /* RouterErrors.swift in Sources */ = {isa = PBXBuildFile; fileRef = B2954B57227C7D6000B8D37C /* RouterErrors.swift */; };
		B2954B5A227C815D00B8D37C /* API.swift in Sources */ = {isa = PBXBuildFile; fileRef = B2954B59227C815D00B8D37C /* API.swift */; };
/* End PBXBuildFile section */

/* Begin PBXFileReference section */
		A894A9C79A642E5D3B8CC975 /* Pods-Tasveer.release.xcconfig */ = {isa = PBXFileReference; includeInIndex = 1; lastKnownFileType = text.xcconfig; name = "Pods-Tasveer.release.xcconfig"; path = "Target Support Files/Pods-Tasveer/Pods-Tasveer.release.xcconfig"; sourceTree = "<group>"; };
		B2954B36227C405700B8D37C /* Tasveer.app */ = {isa = PBXFileReference; explicitFileType = wrapper.application; includeInIndex = 0; path = Tasveer.app; sourceTree = BUILT_PRODUCTS_DIR; };
		B2954B39227C405700B8D37C /* AppDelegate.swift */ = {isa = PBXFileReference; lastKnownFileType = sourcecode.swift; path = AppDelegate.swift; sourceTree = "<group>"; };
		B2954B3B227C405700B8D37C /* ViewController.swift */ = {isa = PBXFileReference; lastKnownFileType = sourcecode.swift; path = ViewController.swift; sourceTree = "<group>"; };
		B2954B3E227C405700B8D37C /* Base */ = {isa = PBXFileReference; lastKnownFileType = file.storyboard; name = Base; path = Base.lproj/Main.storyboard; sourceTree = "<group>"; };
		B2954B41227C405700B8D37C /* Tasveer.xcdatamodel */ = {isa = PBXFileReference; lastKnownFileType = wrapper.xcdatamodel; path = Tasveer.xcdatamodel; sourceTree = "<group>"; };
		B2954B43227C405800B8D37C /* Assets.xcassets */ = {isa = PBXFileReference; lastKnownFileType = folder.assetcatalog; path = Assets.xcassets; sourceTree = "<group>"; };
		B2954B46227C405800B8D37C /* Base */ = {isa = PBXFileReference; lastKnownFileType = file.storyboard; name = Base; path = Base.lproj/LaunchScreen.storyboard; sourceTree = "<group>"; };
		B2954B48227C405800B8D37C /* Info.plist */ = {isa = PBXFileReference; lastKnownFileType = text.plist.xml; path = Info.plist; sourceTree = "<group>"; };
		B2954B51227C48BA00B8D37C /* FabricsManager.swift */ = {isa = PBXFileReference; lastKnownFileType = sourcecode.swift; path = FabricsManager.swift; sourceTree = "<group>"; };
		B2954B54227C4A2A00B8D37C /* Router.swift */ = {isa = PBXFileReference; lastKnownFileType = sourcecode.swift; path = Router.swift; sourceTree = "<group>"; };
		B2954B57227C7D6000B8D37C /* RouterErrors.swift */ = {isa = PBXFileReference; lastKnownFileType = sourcecode.swift; path = RouterErrors.swift; sourceTree = "<group>"; };
		B2954B59227C815D00B8D37C /* API.swift */ = {isa = PBXFileReference; lastKnownFileType = sourcecode.swift; path = API.swift; sourceTree = "<group>"; };
		BDD6DB779EF3AD402240BA83 /* Pods_Tasveer.framework */ = {isa = PBXFileReference; explicitFileType = wrapper.framework; includeInIndex = 0; path = Pods_Tasveer.framework; sourceTree = BUILT_PRODUCTS_DIR; };
		FE2BF7CA5F1EF5D8619F2543 /* Pods-Tasveer.debug.xcconfig */ = {isa = PBXFileReference; includeInIndex = 1; lastKnownFileType = text.xcconfig; name = "Pods-Tasveer.debug.xcconfig"; path = "Target Support Files/Pods-Tasveer/Pods-Tasveer.debug.xcconfig"; sourceTree = "<group>"; };
/* End PBXFileReference section */

/* Begin PBXFrameworksBuildPhase section */
		B2954B33227C405700B8D37C /* Frameworks */ = {
			isa = PBXFrameworksBuildPhase;
			buildActionMask = 2147483647;
			files = (
				2EE8026DD1CDCAD57918D0B2 /* Pods_Tasveer.framework in Frameworks */,
			);
			runOnlyForDeploymentPostprocessing = 0;
		};
/* End PBXFrameworksBuildPhase section */

/* Begin PBXGroup section */
		8A5B783D104170B5131F987D /* Frameworks */ = {
			isa = PBXGroup;
			children = (
				BDD6DB779EF3AD402240BA83 /* Pods_Tasveer.framework */,
			);
			name = Frameworks;
			sourceTree = "<group>";
		};
		B2954B2D227C405700B8D37C = {
			isa = PBXGroup;
			children = (
				B2954B38227C405700B8D37C /* Tasveer */,
				B2954B37227C405700B8D37C /* Products */,
				CDDA481C3F0A6E50D2F053B7 /* Pods */,
				8A5B783D104170B5131F987D /* Frameworks */,
			);
			sourceTree = "<group>";
		};
		B2954B37227C405700B8D37C /* Products */ = {
			isa = PBXGroup;
			children = (
				B2954B36227C405700B8D37C /* Tasveer.app */,
			);
			name = Products;
			sourceTree = "<group>";
		};
		B2954B38227C405700B8D37C /* Tasveer */ = {
			isa = PBXGroup;
			children = (
				B2954B4F227C48A000B8D37C /* Helpers */,
				B2954B39227C405700B8D37C /* AppDelegate.swift */,
				B2954B3B227C405700B8D37C /* ViewController.swift */,
				B2954B3D227C405700B8D37C /* Main.storyboard */,
				B2954B43227C405800B8D37C /* Assets.xcassets */,
				B2954B45227C405800B8D37C /* LaunchScreen.storyboard */,
				B2954B48227C405800B8D37C /* Info.plist */,
				B2954B40227C405700B8D37C /* Tasveer.xcdatamodeld */,
			);
			path = Tasveer;
			sourceTree = "<group>";
		};
		B2954B4F227C48A000B8D37C /* Helpers */ = {
			isa = PBXGroup;
			children = (
				B2954B56227C7D4900B8D37C /* Error */,
				B2954B53227C49F700B8D37C /* Networking */,
				B2954B50227C48AA00B8D37C /* Manager */,
			);
			path = Helpers;
			sourceTree = "<group>";
		};
		B2954B50227C48AA00B8D37C /* Manager */ = {
			isa = PBXGroup;
			children = (
				B2954B51227C48BA00B8D37C /* FabricsManager.swift */,
			);
			path = Manager;
			sourceTree = "<group>";
		};
		B2954B53227C49F700B8D37C /* Networking */ = {
			isa = PBXGroup;
			children = (
				B2954B54227C4A2A00B8D37C /* Router.swift */,
				B2954B59227C815D00B8D37C /* API.swift */,
			);
			path = Networking;
			sourceTree = "<group>";
		};
		B2954B56227C7D4900B8D37C /* Error */ = {
			isa = PBXGroup;
			children = (
				B2954B57227C7D6000B8D37C /* RouterErrors.swift */,
			);
			path = Error;
			sourceTree = "<group>";
		};
		CDDA481C3F0A6E50D2F053B7 /* Pods */ = {
			isa = PBXGroup;
			children = (
				FE2BF7CA5F1EF5D8619F2543 /* Pods-Tasveer.debug.xcconfig */,
				A894A9C79A642E5D3B8CC975 /* Pods-Tasveer.release.xcconfig */,
			);
			path = Pods;
			sourceTree = "<group>";
		};
/* End PBXGroup section */

/* Begin PBXNativeTarget section */
		B2954B35227C405700B8D37C /* Tasveer */ = {
			isa = PBXNativeTarget;
			buildConfigurationList = B2954B4B227C405800B8D37C /* Build configuration list for PBXNativeTarget "Tasveer" */;
			buildPhases = (
				8D014EA621EA87A368673C52 /* [CP] Check Pods Manifest.lock */,
				B2954B32227C405700B8D37C /* Sources */,
				B2954B33227C405700B8D37C /* Frameworks */,
				B2954B34227C405700B8D37C /* Resources */,
				C242D325383CB1E109749A12 /* [CP] Embed Pods Frameworks */,
				B2954B4E227C456A00B8D37C /* ShellScript */,
			);
			buildRules = (
			);
			dependencies = (
			);
			name = Tasveer;
			productName = Tasveer;
			productReference = B2954B36227C405700B8D37C /* Tasveer.app */;
			productType = "com.apple.product-type.application";
		};
/* End PBXNativeTarget section */

/* Begin PBXProject section */
		B2954B2E227C405700B8D37C /* Project object */ = {
			isa = PBXProject;
			attributes = {
				LastSwiftUpdateCheck = 1020;
				LastUpgradeCheck = 1020;
				ORGANIZATIONNAME = "Haik Ampardjian";
				TargetAttributes = {
					B2954B35227C405700B8D37C = {
						CreatedOnToolsVersion = 10.2.1;
					};
				};
			};
			buildConfigurationList = B2954B31227C405700B8D37C /* Build configuration list for PBXProject "Tasveer" */;
			compatibilityVersion = "Xcode 9.3";
			developmentRegion = en;
			hasScannedForEncodings = 0;
			knownRegions = (
				en,
				Base,
			);
			mainGroup = B2954B2D227C405700B8D37C;
			productRefGroup = B2954B37227C405700B8D37C /* Products */;
			projectDirPath = "";
			projectRoot = "";
			targets = (
				B2954B35227C405700B8D37C /* Tasveer */,
			);
		};
/* End PBXProject section */

/* Begin PBXResourcesBuildPhase section */
		B2954B34227C405700B8D37C /* Resources */ = {
			isa = PBXResourcesBuildPhase;
			buildActionMask = 2147483647;
			files = (
				B2954B47227C405800B8D37C /* LaunchScreen.storyboard in Resources */,
				B2954B44227C405800B8D37C /* Assets.xcassets in Resources */,
				B2954B3F227C405700B8D37C /* Main.storyboard in Resources */,
			);
			runOnlyForDeploymentPostprocessing = 0;
		};
/* End PBXResourcesBuildPhase section */

/* Begin PBXShellScriptBuildPhase section */
		8D014EA621EA87A368673C52 /* [CP] Check Pods Manifest.lock */ = {
			isa = PBXShellScriptBuildPhase;
			buildActionMask = 2147483647;
			files = (
			);
			inputFileListPaths = (
			);
			inputPaths = (
				"${PODS_PODFILE_DIR_PATH}/Podfile.lock",
				"${PODS_ROOT}/Manifest.lock",
			);
			name = "[CP] Check Pods Manifest.lock";
			outputFileListPaths = (
			);
			outputPaths = (
				"$(DERIVED_FILE_DIR)/Pods-Tasveer-checkManifestLockResult.txt",
			);
			runOnlyForDeploymentPostprocessing = 0;
			shellPath = /bin/sh;
			shellScript = "diff \"${PODS_PODFILE_DIR_PATH}/Podfile.lock\" \"${PODS_ROOT}/Manifest.lock\" > /dev/null\nif [ $? != 0 ] ; then\n    # print error to STDERR\n    echo \"error: The sandbox is not in sync with the Podfile.lock. Run 'pod install' or update your CocoaPods installation.\" >&2\n    exit 1\nfi\n# This output is used by Xcode 'outputs' to avoid re-running this script phase.\necho \"SUCCESS\" > \"${SCRIPT_OUTPUT_FILE_0}\"\n";
			showEnvVarsInLog = 0;
		};
		B2954B4E227C456A00B8D37C /* ShellScript */ = {
			isa = PBXShellScriptBuildPhase;
			buildActionMask = 2147483647;
			files = (
			);
			inputFileListPaths = (
			);
			inputPaths = (
			);
			outputFileListPaths = (
			);
			outputPaths = (
			);
			runOnlyForDeploymentPostprocessing = 0;
			shellPath = /bin/sh;
			shellScript = "\"${PODS_ROOT}/Fabric/run\" 5f4d7b70642bb2f48cf55604cd46d03baab0af28 7160016b384517310c77a97fba5e697e034927150c2ae09896a740900f06eba4\n";
		};
		C242D325383CB1E109749A12 /* [CP] Embed Pods Frameworks */ = {
			isa = PBXShellScriptBuildPhase;
			buildActionMask = 2147483647;
			files = (
			);
			inputFileListPaths = (
			);
			inputPaths = (
				"${PODS_ROOT}/Target Support Files/Pods-Tasveer/Pods-Tasveer-frameworks.sh",
				"${BUILT_PRODUCTS_DIR}/Alamofire/Alamofire.framework",
				"${BUILT_PRODUCTS_DIR}/MBProgressHUD/MBProgressHUD.framework",
				"${BUILT_PRODUCTS_DIR}/Nuke/Nuke.framework",
				"${BUILT_PRODUCTS_DIR}/ReachabilitySwift/Reachability.framework",
				"${BUILT_PRODUCTS_DIR}/SwiftyJSON/SwiftyJSON.framework",
			);
			name = "[CP] Embed Pods Frameworks";
			outputFileListPaths = (
			);
			outputPaths = (
				"${TARGET_BUILD_DIR}/${FRAMEWORKS_FOLDER_PATH}/Alamofire.framework",
				"${TARGET_BUILD_DIR}/${FRAMEWORKS_FOLDER_PATH}/MBProgressHUD.framework",
				"${TARGET_BUILD_DIR}/${FRAMEWORKS_FOLDER_PATH}/Nuke.framework",
				"${TARGET_BUILD_DIR}/${FRAMEWORKS_FOLDER_PATH}/Reachability.framework",
				"${TARGET_BUILD_DIR}/${FRAMEWORKS_FOLDER_PATH}/SwiftyJSON.framework",
			);
			runOnlyForDeploymentPostprocessing = 0;
			shellPath = /bin/sh;
			shellScript = "\"${PODS_ROOT}/Target Support Files/Pods-Tasveer/Pods-Tasveer-frameworks.sh\"\n";
			showEnvVarsInLog = 0;
		};
/* End PBXShellScriptBuildPhase section */

/* Begin PBXSourcesBuildPhase section */
		B2954B32227C405700B8D37C /* Sources */ = {
			isa = PBXSourcesBuildPhase;
			buildActionMask = 2147483647;
			files = (
				B2954B52227C48BA00B8D37C /* FabricsManager.swift in Sources */,
				B2954B42227C405700B8D37C /* Tasveer.xcdatamodeld in Sources */,
				B2954B55227C4A2A00B8D37C /* Router.swift in Sources */,
				B2954B3C227C405700B8D37C /* ViewController.swift in Sources */,
				B2954B3A227C405700B8D37C /* AppDelegate.swift in Sources */,
				B2954B58227C7D6000B8D37C /* RouterErrors.swift in Sources */,
				B2954B5A227C815D00B8D37C /* API.swift in Sources */,
			);
			runOnlyForDeploymentPostprocessing = 0;
		};
/* End PBXSourcesBuildPhase section */

/* Begin PBXVariantGroup section */
		B2954B3D227C405700B8D37C /* Main.storyboard */ = {
			isa = PBXVariantGroup;
			children = (
				B2954B3E227C405700B8D37C /* Base */,
			);
			name = Main.storyboard;
			sourceTree = "<group>";
		};
		B2954B45227C405800B8D37C /* LaunchScreen.storyboard */ = {
			isa = PBXVariantGroup;
			children = (
				B2954B46227C405800B8D37C /* Base */,
			);
			name = LaunchScreen.storyboard;
			sourceTree = "<group>";
		};
/* End PBXVariantGroup section */

/* Begin XCBuildConfiguration section */
		B2954B49227C405800B8D37C /* Debug */ = {
			isa = XCBuildConfiguration;
			buildSettings = {
				ALWAYS_SEARCH_USER_PATHS = NO;
				CLANG_ANALYZER_NONNULL = YES;
				CLANG_ANALYZER_NUMBER_OBJECT_CONVERSION = YES_AGGRESSIVE;
				CLANG_CXX_LANGUAGE_STANDARD = "gnu++14";
				CLANG_CXX_LIBRARY = "libc++";
				CLANG_ENABLE_MODULES = YES;
				CLANG_ENABLE_OBJC_ARC = YES;
				CLANG_ENABLE_OBJC_WEAK = YES;
				CLANG_WARN_BLOCK_CAPTURE_AUTORELEASING = YES;
				CLANG_WARN_BOOL_CONVERSION = YES;
				CLANG_WARN_COMMA = YES;
				CLANG_WARN_CONSTANT_CONVERSION = YES;
				CLANG_WARN_DEPRECATED_OBJC_IMPLEMENTATIONS = YES;
				CLANG_WARN_DIRECT_OBJC_ISA_USAGE = YES_ERROR;
				CLANG_WARN_DOCUMENTATION_COMMENTS = YES;
				CLANG_WARN_EMPTY_BODY = YES;
				CLANG_WARN_ENUM_CONVERSION = YES;
				CLANG_WARN_INFINITE_RECURSION = YES;
				CLANG_WARN_INT_CONVERSION = YES;
				CLANG_WARN_NON_LITERAL_NULL_CONVERSION = YES;
				CLANG_WARN_OBJC_IMPLICIT_RETAIN_SELF = YES;
				CLANG_WARN_OBJC_LITERAL_CONVERSION = YES;
				CLANG_WARN_OBJC_ROOT_CLASS = YES_ERROR;
				CLANG_WARN_RANGE_LOOP_ANALYSIS = YES;
				CLANG_WARN_STRICT_PROTOTYPES = YES;
				CLANG_WARN_SUSPICIOUS_MOVE = YES;
				CLANG_WARN_UNGUARDED_AVAILABILITY = YES_AGGRESSIVE;
				CLANG_WARN_UNREACHABLE_CODE = YES;
				CLANG_WARN__DUPLICATE_METHOD_MATCH = YES;
				CODE_SIGN_IDENTITY = "iPhone Developer";
				COPY_PHASE_STRIP = NO;
				DEBUG_INFORMATION_FORMAT = dwarf;
				ENABLE_STRICT_OBJC_MSGSEND = YES;
				ENABLE_TESTABILITY = YES;
				GCC_C_LANGUAGE_STANDARD = gnu11;
				GCC_DYNAMIC_NO_PIC = NO;
				GCC_NO_COMMON_BLOCKS = YES;
				GCC_OPTIMIZATION_LEVEL = 0;
				GCC_PREPROCESSOR_DEFINITIONS = (
					"DEBUG=1",
					"$(inherited)",
				);
				GCC_WARN_64_TO_32_BIT_CONVERSION = YES;
				GCC_WARN_ABOUT_RETURN_TYPE = YES_ERROR;
				GCC_WARN_UNDECLARED_SELECTOR = YES;
				GCC_WARN_UNINITIALIZED_AUTOS = YES_AGGRESSIVE;
				GCC_WARN_UNUSED_FUNCTION = YES;
				GCC_WARN_UNUSED_VARIABLE = YES;
				IPHONEOS_DEPLOYMENT_TARGET = 12.2;
				MTL_ENABLE_DEBUG_INFO = INCLUDE_SOURCE;
				MTL_FAST_MATH = YES;
				ONLY_ACTIVE_ARCH = YES;
				SDKROOT = iphoneos;
				SWIFT_ACTIVE_COMPILATION_CONDITIONS = DEBUG;
				SWIFT_OPTIMIZATION_LEVEL = "-Onone";
			};
			name = Debug;
		};
		B2954B4A227C405800B8D37C /* Release */ = {
			isa = XCBuildConfiguration;
			buildSettings = {
				ALWAYS_SEARCH_USER_PATHS = NO;
				CLANG_ANALYZER_NONNULL = YES;
				CLANG_ANALYZER_NUMBER_OBJECT_CONVERSION = YES_AGGRESSIVE;
				CLANG_CXX_LANGUAGE_STANDARD = "gnu++14";
				CLANG_CXX_LIBRARY = "libc++";
				CLANG_ENABLE_MODULES = YES;
				CLANG_ENABLE_OBJC_ARC = YES;
				CLANG_ENABLE_OBJC_WEAK = YES;
				CLANG_WARN_BLOCK_CAPTURE_AUTORELEASING = YES;
				CLANG_WARN_BOOL_CONVERSION = YES;
				CLANG_WARN_COMMA = YES;
				CLANG_WARN_CONSTANT_CONVERSION = YES;
				CLANG_WARN_DEPRECATED_OBJC_IMPLEMENTATIONS = YES;
				CLANG_WARN_DIRECT_OBJC_ISA_USAGE = YES_ERROR;
				CLANG_WARN_DOCUMENTATION_COMMENTS = YES;
				CLANG_WARN_EMPTY_BODY = YES;
				CLANG_WARN_ENUM_CONVERSION = YES;
				CLANG_WARN_INFINITE_RECURSION = YES;
				CLANG_WARN_INT_CONVERSION = YES;
				CLANG_WARN_NON_LITERAL_NULL_CONVERSION = YES;
				CLANG_WARN_OBJC_IMPLICIT_RETAIN_SELF = YES;
				CLANG_WARN_OBJC_LITERAL_CONVERSION = YES;
				CLANG_WARN_OBJC_ROOT_CLASS = YES_ERROR;
				CLANG_WARN_RANGE_LOOP_ANALYSIS = YES;
				CLANG_WARN_STRICT_PROTOTYPES = YES;
				CLANG_WARN_SUSPICIOUS_MOVE = YES;
				CLANG_WARN_UNGUARDED_AVAILABILITY = YES_AGGRESSIVE;
				CLANG_WARN_UNREACHABLE_CODE = YES;
				CLANG_WARN__DUPLICATE_METHOD_MATCH = YES;
				CODE_SIGN_IDENTITY = "iPhone Developer";
				COPY_PHASE_STRIP = NO;
				DEBUG_INFORMATION_FORMAT = "dwarf-with-dsym";
				ENABLE_NS_ASSERTIONS = NO;
				ENABLE_STRICT_OBJC_MSGSEND = YES;
				GCC_C_LANGUAGE_STANDARD = gnu11;
				GCC_NO_COMMON_BLOCKS = YES;
				GCC_WARN_64_TO_32_BIT_CONVERSION = YES;
				GCC_WARN_ABOUT_RETURN_TYPE = YES_ERROR;
				GCC_WARN_UNDECLARED_SELECTOR = YES;
				GCC_WARN_UNINITIALIZED_AUTOS = YES_AGGRESSIVE;
				GCC_WARN_UNUSED_FUNCTION = YES;
				GCC_WARN_UNUSED_VARIABLE = YES;
				IPHONEOS_DEPLOYMENT_TARGET = 12.2;
				MTL_ENABLE_DEBUG_INFO = NO;
				MTL_FAST_MATH = YES;
				SDKROOT = iphoneos;
				SWIFT_COMPILATION_MODE = wholemodule;
				SWIFT_OPTIMIZATION_LEVEL = "-O";
				VALIDATE_PRODUCT = YES;
			};
			name = Release;
		};
		B2954B4C227C405800B8D37C /* Debug */ = {
			isa = XCBuildConfiguration;
			baseConfigurationReference = FE2BF7CA5F1EF5D8619F2543 /* Pods-Tasveer.debug.xcconfig */;
			buildSettings = {
				ASSETCATALOG_COMPILER_APPICON_NAME = AppIcon;
				CODE_SIGN_STYLE = Automatic;
				DEBUG_INFORMATION_FORMAT = "dwarf-with-dsym";
				DEVELOPMENT_TEAM = 2JRU28287L;
				INFOPLIST_FILE = Tasveer/Info.plist;
				LD_RUNPATH_SEARCH_PATHS = (
					"$(inherited)",
					"@executable_path/Frameworks",
				);
				PRODUCT_BUNDLE_IDENTIFIER = com.bumi.Tasveer;
				PRODUCT_NAME = "$(TARGET_NAME)";
				SWIFT_VERSION = 5.0;
				TARGETED_DEVICE_FAMILY = "1,2";
			};
			name = Debug;
		};
		B2954B4D227C405800B8D37C /* Release */ = {
			isa = XCBuildConfiguration;
			baseConfigurationReference = A894A9C79A642E5D3B8CC975 /* Pods-Tasveer.release.xcconfig */;
			buildSettings = {
				ASSETCATALOG_COMPILER_APPICON_NAME = AppIcon;
				CODE_SIGN_STYLE = Automatic;
				DEVELOPMENT_TEAM = 2JRU28287L;
				INFOPLIST_FILE = Tasveer/Info.plist;
				LD_RUNPATH_SEARCH_PATHS = (
					"$(inherited)",
					"@executable_path/Frameworks",
				);
				PRODUCT_BUNDLE_IDENTIFIER = com.bumi.Tasveer;
				PRODUCT_NAME = "$(TARGET_NAME)";
				SWIFT_VERSION = 5.0;
				TARGETED_DEVICE_FAMILY = "1,2";
			};
			name = Release;
		};
/* End XCBuildConfiguration section */

/* Begin XCConfigurationList section */
		B2954B31227C405700B8D37C /* Build configuration list for PBXProject "Tasveer" */ = {
			isa = XCConfigurationList;
			buildConfigurations = (
				B2954B49227C405800B8D37C /* Debug */,
				B2954B4A227C405800B8D37C /* Release */,
			);
			defaultConfigurationIsVisible = 0;
			defaultConfigurationName = Release;
		};
		B2954B4B227C405800B8D37C /* Build configuration list for PBXNativeTarget "Tasveer" */ = {
			isa = XCConfigurationList;
			buildConfigurations = (
				B2954B4C227C405800B8D37C /* Debug */,
				B2954B4D227C405800B8D37C /* Release */,
			);
			defaultConfigurationIsVisible = 0;
			defaultConfigurationName = Release;
		};
/* End XCConfigurationList section */

/* Begin XCVersionGroup section */
		B2954B40227C405700B8D37C /* Tasveer.xcdatamodeld */ = {
			isa = XCVersionGroup;
			children = (
				B2954B41227C405700B8D37C /* Tasveer.xcdatamodel */,
			);
			currentVersion = B2954B41227C405700B8D37C /* Tasveer.xcdatamodel */;
			path = Tasveer.xcdatamodeld;
			sourceTree = "<group>";
			versionGroupType = wrapper.xcdatamodel;
		};
/* End XCVersionGroup section */
	};
	rootObject = B2954B2E227C405700B8D37C /* Project object */;
}
