// !$*UTF8*$!
{
	archiveVersion = 1;
	classes = {
	};
	objectVersion = 50;
	objects = {

/* Begin PBXBuildFile section */
		2EE8026DD1CDCAD57918D0B2 /* Pods_Tasveer.framework in Frameworks */ = {isa = PBXBuildFile; fileRef = BDD6DB779EF3AD402240BA83 /* Pods_Tasveer.framework */; };
		B21CC423228012C300114ACC /* CoreDataContextObserver.swift in Sources */ = {isa = PBXBuildFile; fileRef = B21CC421228012C200114ACC /* CoreDataContextObserver.swift */; };
		B21CC424228012C300114ACC /* Managed.swift in Sources */ = {isa = PBXBuildFile; fileRef = B21CC422228012C200114ACC /* Managed.swift */; };
		B21CC42B228012EC00114ACC /* Migration.swift in Sources */ = {isa = PBXBuildFile; fileRef = B21CC426228012EC00114ACC /* Migration.swift */; };
		B21CC42C228012EC00114ACC /* NSPersistenStoreCoordinator+Extensions.swift in Sources */ = {isa = PBXBuildFile; fileRef = B21CC427228012EC00114ACC /* NSPersistenStoreCoordinator+Extensions.swift */; };
		B21CC42D228012EC00114ACC /* Utilities.swift in Sources */ = {isa = PBXBuildFile; fileRef = B21CC428228012EC00114ACC /* Utilities.swift */; };
		B21CC42E228012EC00114ACC /* ModelVersions.swift in Sources */ = {isa = PBXBuildFile; fileRef = B21CC429228012EC00114ACC /* ModelVersions.swift */; };
		B21CC42F228012EC00114ACC /* ModelVersion.swift in Sources */ = {isa = PBXBuildFile; fileRef = B21CC42A228012EC00114ACC /* ModelVersion.swift */; };
		B21CC4312280147C00114ACC /* PersistentStoreManager.swift in Sources */ = {isa = PBXBuildFile; fileRef = B21CC4302280147C00114ACC /* PersistentStoreManager.swift */; };
		B21CC4332280175E00114ACC /* AppManager.swift in Sources */ = {isa = PBXBuildFile; fileRef = B21CC4322280175E00114ACC /* AppManager.swift */; };
		B21CC43522801A3F00114ACC /* NSManagedObjectContext+cache.swift in Sources */ = {isa = PBXBuildFile; fileRef = B21CC43422801A3F00114ACC /* NSManagedObjectContext+cache.swift */; };
		B21CC4372280214D00114ACC /* Collections.storyboard in Resources */ = {isa = PBXBuildFile; fileRef = B21CC4362280214D00114ACC /* Collections.storyboard */; };
		B21CC43A22802B2F00114ACC /* CollectionDetailViewController.swift in Sources */ = {isa = PBXBuildFile; fileRef = B21CC43922802B2F00114ACC /* CollectionDetailViewController.swift */; };
		B21CC43D22802ED700114ACC /* OpenFiltersSceneOperation.swift in Sources */ = {isa = PBXBuildFile; fileRef = B21CC43C22802ED700114ACC /* OpenFiltersSceneOperation.swift */; };
		B21CC4402280303E00114ACC /* FiltersViewController.swift in Sources */ = {isa = PBXBuildFile; fileRef = B21CC43F2280303E00114ACC /* FiltersViewController.swift */; };
		B21CC4422280346900114ACC /* AppDelegateManager.swift in Sources */ = {isa = PBXBuildFile; fileRef = B21CC4412280346900114ACC /* AppDelegateManager.swift */; };
		B21CC4452280351800114ACC /* OpenCollectionDetailSceneOperation.swift in Sources */ = {isa = PBXBuildFile; fileRef = B21CC4442280351800114ACC /* OpenCollectionDetailSceneOperation.swift */; };
		B21CC447228048AD00114ACC /* UIView+firstResponder.swift in Sources */ = {isa = PBXBuildFile; fileRef = B21CC446228048AD00114ACC /* UIView+firstResponder.swift */; };
		B21DFE052296CACE0007A1B8 /* CreateAndSaveCollectionOperation.swift in Sources */ = {isa = PBXBuildFile; fileRef = B21DFE042296CACE0007A1B8 /* CreateAndSaveCollectionOperation.swift */; };
		B21DFE072296CB470007A1B8 /* CreateNetworkCollectionOperation.swift in Sources */ = {isa = PBXBuildFile; fileRef = B21DFE062296CB470007A1B8 /* CreateNetworkCollectionOperation.swift */; };
		B21DFE0A2296D1090007A1B8 /* NetworkConstants.swift in Sources */ = {isa = PBXBuildFile; fileRef = B21DFE092296D1090007A1B8 /* NetworkConstants.swift */; };
		B21DFE0C2296D74F0007A1B8 /* SaveCollectionResponseOperation.swift in Sources */ = {isa = PBXBuildFile; fileRef = B21DFE0B2296D74F0007A1B8 /* SaveCollectionResponseOperation.swift */; };
		B21DFE0E2297250D0007A1B8 /* CollectionViewDataSource.swift in Sources */ = {isa = PBXBuildFile; fileRef = B21DFE0D2297250D0007A1B8 /* CollectionViewDataSource.swift */; };
		B2361678228999E600B6AC3B /* Filter.swift in Sources */ = {isa = PBXBuildFile; fileRef = B2361677228999E600B6AC3B /* Filter.swift */; };
		B236167A2289C1E800B6AC3B /* AssetViewController.swift in Sources */ = {isa = PBXBuildFile; fileRef = B23616792289C1E800B6AC3B /* AssetViewController.swift */; };
		B236167C2289C29200B6AC3B /* GridViewCell.swift in Sources */ = {isa = PBXBuildFile; fileRef = B236167B2289C29200B6AC3B /* GridViewCell.swift */; };
		B236167E2289C2AF00B6AC3B /* GridViewCell.xib in Resources */ = {isa = PBXBuildFile; fileRef = B236167D2289C2AF00B6AC3B /* GridViewCell.xib */; };
		B237ABD2228C49DA00191FDC /* Photo.swift in Sources */ = {isa = PBXBuildFile; fileRef = B237ABD1228C49DA00191FDC /* Photo.swift */; };
		B237ABD4228CAC1A00191FDC /* PhotoResponse.swift in Sources */ = {isa = PBXBuildFile; fileRef = B237ABD3228CAC1A00191FDC /* PhotoResponse.swift */; };
		B23FA0BC22844BFB0079A0B5 /* FetchAlbumNamesOperation.swift in Sources */ = {isa = PBXBuildFile; fileRef = B23FA0BB22844BFB0079A0B5 /* FetchAlbumNamesOperation.swift */; };
		B23FA0BF228453FD0079A0B5 /* TextField.swift in Sources */ = {isa = PBXBuildFile; fileRef = B23FA0BE228453FD0079A0B5 /* TextField.swift */; };
		B23FA0C22284A1B00079A0B5 /* PickAlbumViewController.swift in Sources */ = {isa = PBXBuildFile; fileRef = B23FA0C12284A1B00079A0B5 /* PickAlbumViewController.swift */; };
		B25EB8C522BC294300F508F0 /* ApplyFilterOpertion.swift in Sources */ = {isa = PBXBuildFile; fileRef = B25EB8C422BC294300F508F0 /* ApplyFilterOpertion.swift */; };
		B25EB8C722BC29B900F508F0 /* StoreNewPhotosIntoDatabaseOperation.swift in Sources */ = {isa = PBXBuildFile; fileRef = B25EB8C622BC29B900F508F0 /* StoreNewPhotosIntoDatabaseOperation.swift */; };
		B2604B7A228B7B01005CFEDF /* AuthManager.swift in Sources */ = {isa = PBXBuildFile; fileRef = B2604B79228B7B01005CFEDF /* AuthManager.swift */; };
		B2604B7D228B7EB7005CFEDF /* Auth.storyboard in Resources */ = {isa = PBXBuildFile; fileRef = B2604B7C228B7EB7005CFEDF /* Auth.storyboard */; };
		B2604B7F228B7ED7005CFEDF /* AuthViewController.swift in Sources */ = {isa = PBXBuildFile; fileRef = B2604B7E228B7ED7005CFEDF /* AuthViewController.swift */; };
		B2604B81228B7F26005CFEDF /* AuthOperation.swift in Sources */ = {isa = PBXBuildFile; fileRef = B2604B80228B7F26005CFEDF /* AuthOperation.swift */; };
		B2604B85228B8530005CFEDF /* ShowMainSceneOperation.swift in Sources */ = {isa = PBXBuildFile; fileRef = B2604B84228B8530005CFEDF /* ShowMainSceneOperation.swift */; };
		B26D9CA62292D3C7003B1133 /* UploadTask.swift in Sources */ = {isa = PBXBuildFile; fileRef = B26D9CA52292D3C7003B1133 /* UploadTask.swift */; };
		B26D9CA82292D430003B1133 /* UploadAsset.swift in Sources */ = {isa = PBXBuildFile; fileRef = B26D9CA72292D430003B1133 /* UploadAsset.swift */; };
		B281595B2281928800F09F6F /* FiltersModel.swift in Sources */ = {isa = PBXBuildFile; fileRef = B281595A2281928800F09F6F /* FiltersModel.swift */; };
		B281595E2281A99C00F09F6F /* CollectionPhotosViewController.swift in Sources */ = {isa = PBXBuildFile; fileRef = B281595D2281A99C00F09F6F /* CollectionPhotosViewController.swift */; };
		B28159612281A9FC00F09F6F /* CollectionPeopleViewController.swift in Sources */ = {isa = PBXBuildFile; fileRef = B28159602281A9FC00F09F6F /* CollectionPeopleViewController.swift */; };
		B28159632281AA7100F09F6F /* CollectionPeopleModel.swift in Sources */ = {isa = PBXBuildFile; fileRef = B28159622281AA7100F09F6F /* CollectionPeopleModel.swift */; };
		B28159662281B37A00F09F6F /* PersonCell.xib in Resources */ = {isa = PBXBuildFile; fileRef = B28159652281B37A00F09F6F /* PersonCell.xib */; };
		B28159682281B3EC00F09F6F /* PersonCell.swift in Sources */ = {isa = PBXBuildFile; fileRef = B28159672281B3EC00F09F6F /* PersonCell.swift */; };
		B281596C2281B48D00F09F6F /* ButtonCell.xib in Resources */ = {isa = PBXBuildFile; fileRef = B281596B2281B48D00F09F6F /* ButtonCell.xib */; };
		B281596E2281B4C900F09F6F /* ButtonCell.swift in Sources */ = {isa = PBXBuildFile; fileRef = B281596D2281B4C900F09F6F /* ButtonCell.swift */; };
		B28159712282C93300F09F6F /* PhotoAccessCondition.swift in Sources */ = {isa = PBXBuildFile; fileRef = B28159702282C93300F09F6F /* PhotoAccessCondition.swift */; };
		B28159752282D5C800F09F6F /* FetchPhotosByFilterOperation.swift in Sources */ = {isa = PBXBuildFile; fileRef = B28159742282D5C800F09F6F /* FetchPhotosByFilterOperation.swift */; };
		B2954B3A227C405700B8D37C /* AppDelegate.swift in Sources */ = {isa = PBXBuildFile; fileRef = B2954B39227C405700B8D37C /* AppDelegate.swift */; };
		B2954B3F227C405700B8D37C /* Main.storyboard in Resources */ = {isa = PBXBuildFile; fileRef = B2954B3D227C405700B8D37C /* Main.storyboard */; };
		B2954B42227C405700B8D37C /* Tasveer.xcdatamodeld in Sources */ = {isa = PBXBuildFile; fileRef = B2954B40227C405700B8D37C /* Tasveer.xcdatamodeld */; };
		B2954B44227C405800B8D37C /* Assets.xcassets in Resources */ = {isa = PBXBuildFile; fileRef = B2954B43227C405800B8D37C /* Assets.xcassets */; };
		B2954B47227C405800B8D37C /* LaunchScreen.storyboard in Resources */ = {isa = PBXBuildFile; fileRef = B2954B45227C405800B8D37C /* LaunchScreen.storyboard */; };
		B2954B52227C48BA00B8D37C /* FabricsManager.swift in Sources */ = {isa = PBXBuildFile; fileRef = B2954B51227C48BA00B8D37C /* FabricsManager.swift */; };
		B2954B55227C4A2A00B8D37C /* Router.swift in Sources */ = {isa = PBXBuildFile; fileRef = B2954B54227C4A2A00B8D37C /* Router.swift */; };
		B2954B58227C7D6000B8D37C /* RouterErrors.swift in Sources */ = {isa = PBXBuildFile; fileRef = B2954B57227C7D6000B8D37C /* RouterErrors.swift */; };
		B2954B5A227C815D00B8D37C /* API.swift in Sources */ = {isa = PBXBuildFile; fileRef = B2954B59227C815D00B8D37C /* API.swift */; };
		B2954B5D227C86A600B8D37C /* UserResponse.swift in Sources */ = {isa = PBXBuildFile; fileRef = B2954B5C227C86A600B8D37C /* UserResponse.swift */; };
		B2954B5F227C895200B8D37C /* CollectionResponse.swift in Sources */ = {isa = PBXBuildFile; fileRef = B2954B5E227C895200B8D37C /* CollectionResponse.swift */; };
		B2954B61227C89ED00B8D37C /* MembershipResponse.swift in Sources */ = {isa = PBXBuildFile; fileRef = B2954B60227C89ED00B8D37C /* MembershipResponse.swift */; };
		B2954B64227C8B6C00B8D37C /* DataRequest+NetResponse.swift in Sources */ = {isa = PBXBuildFile; fileRef = B2954B63227C8B6C00B8D37C /* DataRequest+NetResponse.swift */; };
		B2954B68227C8D1E00B8D37C /* DateFormatter+appStyle.swift in Sources */ = {isa = PBXBuildFile; fileRef = B2954B67227C8D1D00B8D37C /* DateFormatter+appStyle.swift */; };
		B2954B8F227C926100B8D37C /* ExclusivityController.swift in Sources */ = {isa = PBXBuildFile; fileRef = B2954B6B227C926100B8D37C /* ExclusivityController.swift */; };
		B2954B90227C926100B8D37C /* OperationQueue.swift in Sources */ = {isa = PBXBuildFile; fileRef = B2954B6C227C926100B8D37C /* OperationQueue.swift */; };
		B2954B91227C926100B8D37C /* LocationOperation.swift in Sources */ = {isa = PBXBuildFile; fileRef = B2954B6E227C926100B8D37C /* LocationOperation.swift */; };
		B2954B92227C926100B8D37C /* GroupOperation.swift in Sources */ = {isa = PBXBuildFile; fileRef = B2954B6F227C926100B8D37C /* GroupOperation.swift */; };
		B2954B93227C926100B8D37C /* BlockOperation.swift in Sources */ = {isa = PBXBuildFile; fileRef = B2954B70227C926100B8D37C /* BlockOperation.swift */; };
		B2954B94227C926100B8D37C /* URLSessionTaskOperation.swift in Sources */ = {isa = PBXBuildFile; fileRef = B2954B71227C926100B8D37C /* URLSessionTaskOperation.swift */; };
		B2954B95227C926100B8D37C /* DelayOperation.swift in Sources */ = {isa = PBXBuildFile; fileRef = B2954B72227C926100B8D37C /* DelayOperation.swift */; };
		B2954B96227C926100B8D37C /* Operation.swift in Sources */ = {isa = PBXBuildFile; fileRef = B2954B73227C926100B8D37C /* Operation.swift */; };
		B2954B97227C926100B8D37C /* RemoteNotificationCondition.swift in Sources */ = {isa = PBXBuildFile; fileRef = B2954B75227C926100B8D37C /* RemoteNotificationCondition.swift */; };
		B2954B98227C926100B8D37C /* ReachabilityCondition.swift in Sources */ = {isa = PBXBuildFile; fileRef = B2954B76227C926100B8D37C /* ReachabilityCondition.swift */; };
		B2954B99227C926100B8D37C /* PhotosCondition.swift in Sources */ = {isa = PBXBuildFile; fileRef = B2954B77227C926100B8D37C /* PhotosCondition.swift */; };
		B2954B9A227C926100B8D37C /* NegatedCondition.swift in Sources */ = {isa = PBXBuildFile; fileRef = B2954B78227C926100B8D37C /* NegatedCondition.swift */; };
		B2954B9B227C926100B8D37C /* PassbookCondition.swift in Sources */ = {isa = PBXBuildFile; fileRef = B2954B79227C926100B8D37C /* PassbookCondition.swift */; };
		B2954B9C227C926100B8D37C /* NoCancelledDependencies.swift in Sources */ = {isa = PBXBuildFile; fileRef = B2954B7A227C926100B8D37C /* NoCancelledDependencies.swift */; };
		B2954B9D227C926100B8D37C /* UserNotificationCondition.swift in Sources */ = {isa = PBXBuildFile; fileRef = B2954B7B227C926100B8D37C /* UserNotificationCondition.swift */; };
		B2954B9E227C926100B8D37C /* CloudCondition.swift in Sources */ = {isa = PBXBuildFile; fileRef = B2954B7C227C926100B8D37C /* CloudCondition.swift */; };
		B2954B9F227C926100B8D37C /* SilentCondition.swift in Sources */ = {isa = PBXBuildFile; fileRef = B2954B7D227C926100B8D37C /* SilentCondition.swift */; };
		B2954BA0227C926100B8D37C /* HealthCondition.swift in Sources */ = {isa = PBXBuildFile; fileRef = B2954B7E227C926100B8D37C /* HealthCondition.swift */; };
		B2954BA1227C926100B8D37C /* LocationCondition.swift in Sources */ = {isa = PBXBuildFile; fileRef = B2954B7F227C926100B8D37C /* LocationCondition.swift */; };
		B2954BA2227C926100B8D37C /* MutuallyExclusive.swift in Sources */ = {isa = PBXBuildFile; fileRef = B2954B80227C926100B8D37C /* MutuallyExclusive.swift */; };
		B2954BA3227C926100B8D37C /* OperationCondition.swift in Sources */ = {isa = PBXBuildFile; fileRef = B2954B81227C926100B8D37C /* OperationCondition.swift */; };
		B2954BA4227C926100B8D37C /* CalendarCondition.swift in Sources */ = {isa = PBXBuildFile; fileRef = B2954B82227C926100B8D37C /* CalendarCondition.swift */; };
		B2954BA5227C926100B8D37C /* OperationErrors.swift in Sources */ = {isa = PBXBuildFile; fileRef = B2954B83227C926100B8D37C /* OperationErrors.swift */; };
		B2954BA6227C926100B8D37C /* NSLock+Operations.swift in Sources */ = {isa = PBXBuildFile; fileRef = B2954B85227C926100B8D37C /* NSLock+Operations.swift */; };
		B2954BA7227C926100B8D37C /* Dictionary+Operations.swift in Sources */ = {isa = PBXBuildFile; fileRef = B2954B86227C926100B8D37C /* Dictionary+Operations.swift */; };
		B2954BA8227C926100B8D37C /* CKContainer+Operations.swift in Sources */ = {isa = PBXBuildFile; fileRef = B2954B87227C926100B8D37C /* CKContainer+Operations.swift */; };
		B2954BA9227C926100B8D37C /* NSOperation+Operations.swift in Sources */ = {isa = PBXBuildFile; fileRef = B2954B88227C926100B8D37C /* NSOperation+Operations.swift */; };
		B2954BAA227C926100B8D37C /* UIUserNotifications+Operations.swift in Sources */ = {isa = PBXBuildFile; fileRef = B2954B89227C926100B8D37C /* UIUserNotifications+Operations.swift */; };
		B2954BAB227C926100B8D37C /* OperationObserver.swift in Sources */ = {isa = PBXBuildFile; fileRef = B2954B8B227C926100B8D37C /* OperationObserver.swift */; };
		B2954BAC227C926100B8D37C /* BackgroundObserver.swift in Sources */ = {isa = PBXBuildFile; fileRef = B2954B8C227C926100B8D37C /* BackgroundObserver.swift */; };
		B2954BAD227C926100B8D37C /* BlockObserver.swift in Sources */ = {isa = PBXBuildFile; fileRef = B2954B8D227C926100B8D37C /* BlockObserver.swift */; };
		B2954BAE227C926100B8D37C /* TimeoutObserver.swift in Sources */ = {isa = PBXBuildFile; fileRef = B2954B8E227C926100B8D37C /* TimeoutObserver.swift */; };
		B2954BB2227C95C600B8D37C /* AllCollectionsViewController.swift in Sources */ = {isa = PBXBuildFile; fileRef = B2954BB1227C95C600B8D37C /* AllCollectionsViewController.swift */; };
		B2954BB5227C960300B8D37C /* TableViewDataSource.swift in Sources */ = {isa = PBXBuildFile; fileRef = B2954BB4227C960300B8D37C /* TableViewDataSource.swift */; };
		B2954BB7227C987300B8D37C /* AllCollectionCell.swift in Sources */ = {isa = PBXBuildFile; fileRef = B2954BB6227C987200B8D37C /* AllCollectionCell.swift */; };
		B2954BB9227C993200B8D37C /* AllCollectionCell.xib in Resources */ = {isa = PBXBuildFile; fileRef = B2954BB8227C993200B8D37C /* AllCollectionCell.xib */; };
		B2954BBC227C9B5100B8D37C /* UIView+identificators.swift in Sources */ = {isa = PBXBuildFile; fileRef = B2954BBB227C9B5100B8D37C /* UIView+identificators.swift */; };
		B2954BC0227C9E2A00B8D37C /* User.swift in Sources */ = {isa = PBXBuildFile; fileRef = B2954BBF227C9E2A00B8D37C /* User.swift */; };
		B2954BC2227C9F6100B8D37C /* Collection.swift in Sources */ = {isa = PBXBuildFile; fileRef = B2954BC1227C9F6100B8D37C /* Collection.swift */; };
		B2BE421922943C78008DA778 /* UploadWillTerminateObserver.swift in Sources */ = {isa = PBXBuildFile; fileRef = B2BE421822943C78008DA778 /* UploadWillTerminateObserver.swift */; };
		B2BE421B22943E8C008DA778 /* UploadImageAssetToBackEndOperatoin.swift in Sources */ = {isa = PBXBuildFile; fileRef = B2BE421A22943E8C008DA778 /* UploadImageAssetToBackEndOperatoin.swift */; };
		B2D67493229828E00039B17C /* UploadAllImageAssetsToBackEndOperation.swift in Sources */ = {isa = PBXBuildFile; fileRef = B2D67492229828E00039B17C /* UploadAllImageAssetsToBackEndOperation.swift */; };
		B2D6749522982DA50039B17C /* StartUploadingCollectionOperation.swift in Sources */ = {isa = PBXBuildFile; fileRef = B2D6749422982DA50039B17C /* StartUploadingCollectionOperation.swift */; };
		B2D67497229843E50039B17C /* AllCollectionsViewModel.swift in Sources */ = {isa = PBXBuildFile; fileRef = B2D67496229843E50039B17C /* AllCollectionsViewModel.swift */; };
		B2D6749A22986BB90039B17C /* Colors.swift in Sources */ = {isa = PBXBuildFile; fileRef = B2D6749922986BB90039B17C /* Colors.swift */; };
		B2D6749C22986C040039B17C /* UIColor+hex.swift in Sources */ = {isa = PBXBuildFile; fileRef = B2D6749B22986C040039B17C /* UIColor+hex.swift */; };
/* End PBXBuildFile section */

/* Begin PBXFileReference section */
		A894A9C79A642E5D3B8CC975 /* Pods-Tasveer.release.xcconfig */ = {isa = PBXFileReference; includeInIndex = 1; lastKnownFileType = text.xcconfig; name = "Pods-Tasveer.release.xcconfig"; path = "Target Support Files/Pods-Tasveer/Pods-Tasveer.release.xcconfig"; sourceTree = "<group>"; };
		B21CC421228012C200114ACC /* CoreDataContextObserver.swift */ = {isa = PBXFileReference; fileEncoding = 4; lastKnownFileType = sourcecode.swift; path = CoreDataContextObserver.swift; sourceTree = "<group>"; };
		B21CC422228012C200114ACC /* Managed.swift */ = {isa = PBXFileReference; fileEncoding = 4; lastKnownFileType = sourcecode.swift; path = Managed.swift; sourceTree = "<group>"; };
		B21CC426228012EC00114ACC /* Migration.swift */ = {isa = PBXFileReference; fileEncoding = 4; lastKnownFileType = sourcecode.swift; path = Migration.swift; sourceTree = "<group>"; };
		B21CC427228012EC00114ACC /* NSPersistenStoreCoordinator+Extensions.swift */ = {isa = PBXFileReference; fileEncoding = 4; lastKnownFileType = sourcecode.swift; path = "NSPersistenStoreCoordinator+Extensions.swift"; sourceTree = "<group>"; };
		B21CC428228012EC00114ACC /* Utilities.swift */ = {isa = PBXFileReference; fileEncoding = 4; lastKnownFileType = sourcecode.swift; path = Utilities.swift; sourceTree = "<group>"; };
		B21CC429228012EC00114ACC /* ModelVersions.swift */ = {isa = PBXFileReference; fileEncoding = 4; lastKnownFileType = sourcecode.swift; path = ModelVersions.swift; sourceTree = "<group>"; };
		B21CC42A228012EC00114ACC /* ModelVersion.swift */ = {isa = PBXFileReference; fileEncoding = 4; lastKnownFileType = sourcecode.swift; path = ModelVersion.swift; sourceTree = "<group>"; };
		B21CC4302280147C00114ACC /* PersistentStoreManager.swift */ = {isa = PBXFileReference; lastKnownFileType = sourcecode.swift; path = PersistentStoreManager.swift; sourceTree = "<group>"; };
		B21CC4322280175E00114ACC /* AppManager.swift */ = {isa = PBXFileReference; lastKnownFileType = sourcecode.swift; path = AppManager.swift; sourceTree = "<group>"; };
		B21CC43422801A3F00114ACC /* NSManagedObjectContext+cache.swift */ = {isa = PBXFileReference; fileEncoding = 4; lastKnownFileType = sourcecode.swift; path = "NSManagedObjectContext+cache.swift"; sourceTree = "<group>"; };
		B21CC4362280214D00114ACC /* Collections.storyboard */ = {isa = PBXFileReference; lastKnownFileType = file.storyboard; path = Collections.storyboard; sourceTree = "<group>"; };
		B21CC43922802B2F00114ACC /* CollectionDetailViewController.swift */ = {isa = PBXFileReference; lastKnownFileType = sourcecode.swift; path = CollectionDetailViewController.swift; sourceTree = "<group>"; };
		B21CC43C22802ED700114ACC /* OpenFiltersSceneOperation.swift */ = {isa = PBXFileReference; lastKnownFileType = sourcecode.swift; path = OpenFiltersSceneOperation.swift; sourceTree = "<group>"; };
		B21CC43F2280303E00114ACC /* FiltersViewController.swift */ = {isa = PBXFileReference; lastKnownFileType = sourcecode.swift; path = FiltersViewController.swift; sourceTree = "<group>"; };
		B21CC4412280346900114ACC /* AppDelegateManager.swift */ = {isa = PBXFileReference; lastKnownFileType = sourcecode.swift; path = AppDelegateManager.swift; sourceTree = "<group>"; };
		B21CC4442280351800114ACC /* OpenCollectionDetailSceneOperation.swift */ = {isa = PBXFileReference; lastKnownFileType = sourcecode.swift; path = OpenCollectionDetailSceneOperation.swift; sourceTree = "<group>"; };
		B21CC446228048AD00114ACC /* UIView+firstResponder.swift */ = {isa = PBXFileReference; lastKnownFileType = sourcecode.swift; path = "UIView+firstResponder.swift"; sourceTree = "<group>"; };
		B21DFE042296CACE0007A1B8 /* CreateAndSaveCollectionOperation.swift */ = {isa = PBXFileReference; lastKnownFileType = sourcecode.swift; path = CreateAndSaveCollectionOperation.swift; sourceTree = "<group>"; };
		B21DFE062296CB470007A1B8 /* CreateNetworkCollectionOperation.swift */ = {isa = PBXFileReference; lastKnownFileType = sourcecode.swift; path = CreateNetworkCollectionOperation.swift; sourceTree = "<group>"; };
		B21DFE092296D1090007A1B8 /* NetworkConstants.swift */ = {isa = PBXFileReference; lastKnownFileType = sourcecode.swift; path = NetworkConstants.swift; sourceTree = "<group>"; };
		B21DFE0B2296D74F0007A1B8 /* SaveCollectionResponseOperation.swift */ = {isa = PBXFileReference; lastKnownFileType = sourcecode.swift; path = SaveCollectionResponseOperation.swift; sourceTree = "<group>"; };
		B21DFE0D2297250D0007A1B8 /* CollectionViewDataSource.swift */ = {isa = PBXFileReference; lastKnownFileType = sourcecode.swift; path = CollectionViewDataSource.swift; sourceTree = "<group>"; };
		B2361677228999E600B6AC3B /* Filter.swift */ = {isa = PBXFileReference; lastKnownFileType = sourcecode.swift; path = Filter.swift; sourceTree = "<group>"; };
		B23616792289C1E800B6AC3B /* AssetViewController.swift */ = {isa = PBXFileReference; lastKnownFileType = sourcecode.swift; path = AssetViewController.swift; sourceTree = "<group>"; };
		B236167B2289C29200B6AC3B /* GridViewCell.swift */ = {isa = PBXFileReference; lastKnownFileType = sourcecode.swift; path = GridViewCell.swift; sourceTree = "<group>"; };
		B236167D2289C2AF00B6AC3B /* GridViewCell.xib */ = {isa = PBXFileReference; lastKnownFileType = file.xib; path = GridViewCell.xib; sourceTree = "<group>"; };
		B237ABD1228C49DA00191FDC /* Photo.swift */ = {isa = PBXFileReference; lastKnownFileType = sourcecode.swift; path = Photo.swift; sourceTree = "<group>"; };
		B237ABD3228CAC1A00191FDC /* PhotoResponse.swift */ = {isa = PBXFileReference; lastKnownFileType = sourcecode.swift; path = PhotoResponse.swift; sourceTree = "<group>"; };
		B23FA0BB22844BFB0079A0B5 /* FetchAlbumNamesOperation.swift */ = {isa = PBXFileReference; lastKnownFileType = sourcecode.swift; path = FetchAlbumNamesOperation.swift; sourceTree = "<group>"; };
		B23FA0BE228453FD0079A0B5 /* TextField.swift */ = {isa = PBXFileReference; lastKnownFileType = sourcecode.swift; path = TextField.swift; sourceTree = "<group>"; };
		B23FA0C12284A1B00079A0B5 /* PickAlbumViewController.swift */ = {isa = PBXFileReference; lastKnownFileType = sourcecode.swift; path = PickAlbumViewController.swift; sourceTree = "<group>"; };
		B25EB8C422BC294300F508F0 /* ApplyFilterOpertion.swift */ = {isa = PBXFileReference; lastKnownFileType = sourcecode.swift; path = ApplyFilterOpertion.swift; sourceTree = "<group>"; };
		B25EB8C622BC29B900F508F0 /* StoreNewPhotosIntoDatabaseOperation.swift */ = {isa = PBXFileReference; lastKnownFileType = sourcecode.swift; path = StoreNewPhotosIntoDatabaseOperation.swift; sourceTree = "<group>"; };
		B2604B79228B7B01005CFEDF /* AuthManager.swift */ = {isa = PBXFileReference; lastKnownFileType = sourcecode.swift; path = AuthManager.swift; sourceTree = "<group>"; };
		B2604B7C228B7EB7005CFEDF /* Auth.storyboard */ = {isa = PBXFileReference; lastKnownFileType = file.storyboard; path = Auth.storyboard; sourceTree = "<group>"; };
		B2604B7E228B7ED7005CFEDF /* AuthViewController.swift */ = {isa = PBXFileReference; lastKnownFileType = sourcecode.swift; path = AuthViewController.swift; sourceTree = "<group>"; };
		B2604B80228B7F26005CFEDF /* AuthOperation.swift */ = {isa = PBXFileReference; lastKnownFileType = sourcecode.swift; path = AuthOperation.swift; sourceTree = "<group>"; };
		B2604B84228B8530005CFEDF /* ShowMainSceneOperation.swift */ = {isa = PBXFileReference; lastKnownFileType = sourcecode.swift; path = ShowMainSceneOperation.swift; sourceTree = "<group>"; };
		B26D9CA52292D3C7003B1133 /* UploadTask.swift */ = {isa = PBXFileReference; lastKnownFileType = sourcecode.swift; path = UploadTask.swift; sourceTree = "<group>"; };
		B26D9CA72292D430003B1133 /* UploadAsset.swift */ = {isa = PBXFileReference; lastKnownFileType = sourcecode.swift; path = UploadAsset.swift; sourceTree = "<group>"; };
		B281595A2281928800F09F6F /* FiltersModel.swift */ = {isa = PBXFileReference; lastKnownFileType = sourcecode.swift; path = FiltersModel.swift; sourceTree = "<group>"; };
		B281595D2281A99C00F09F6F /* CollectionPhotosViewController.swift */ = {isa = PBXFileReference; lastKnownFileType = sourcecode.swift; path = CollectionPhotosViewController.swift; sourceTree = "<group>"; };
		B28159602281A9FC00F09F6F /* CollectionPeopleViewController.swift */ = {isa = PBXFileReference; lastKnownFileType = sourcecode.swift; path = CollectionPeopleViewController.swift; sourceTree = "<group>"; };
		B28159622281AA7100F09F6F /* CollectionPeopleModel.swift */ = {isa = PBXFileReference; lastKnownFileType = sourcecode.swift; path = CollectionPeopleModel.swift; sourceTree = "<group>"; };
		B28159652281B37A00F09F6F /* PersonCell.xib */ = {isa = PBXFileReference; lastKnownFileType = file.xib; path = PersonCell.xib; sourceTree = "<group>"; };
		B28159672281B3EC00F09F6F /* PersonCell.swift */ = {isa = PBXFileReference; lastKnownFileType = sourcecode.swift; path = PersonCell.swift; sourceTree = "<group>"; };
		B281596B2281B48D00F09F6F /* ButtonCell.xib */ = {isa = PBXFileReference; lastKnownFileType = file.xib; path = ButtonCell.xib; sourceTree = "<group>"; };
		B281596D2281B4C900F09F6F /* ButtonCell.swift */ = {isa = PBXFileReference; lastKnownFileType = sourcecode.swift; path = ButtonCell.swift; sourceTree = "<group>"; };
		B28159702282C93300F09F6F /* PhotoAccessCondition.swift */ = {isa = PBXFileReference; lastKnownFileType = sourcecode.swift; path = PhotoAccessCondition.swift; sourceTree = "<group>"; };
		B28159742282D5C800F09F6F /* FetchPhotosByFilterOperation.swift */ = {isa = PBXFileReference; lastKnownFileType = sourcecode.swift; path = FetchPhotosByFilterOperation.swift; sourceTree = "<group>"; };
		B2954B36227C405700B8D37C /* Tasveer.app */ = {isa = PBXFileReference; explicitFileType = wrapper.application; includeInIndex = 0; path = Tasveer.app; sourceTree = BUILT_PRODUCTS_DIR; };
		B2954B39227C405700B8D37C /* AppDelegate.swift */ = {isa = PBXFileReference; lastKnownFileType = sourcecode.swift; path = AppDelegate.swift; sourceTree = "<group>"; };
		B2954B3E227C405700B8D37C /* Base */ = {isa = PBXFileReference; lastKnownFileType = file.storyboard; name = Base; path = Base.lproj/Main.storyboard; sourceTree = "<group>"; };
		B2954B41227C405700B8D37C /* Tasveer.xcdatamodel */ = {isa = PBXFileReference; lastKnownFileType = wrapper.xcdatamodel; path = Tasveer.xcdatamodel; sourceTree = "<group>"; };
		B2954B43227C405800B8D37C /* Assets.xcassets */ = {isa = PBXFileReference; lastKnownFileType = folder.assetcatalog; path = Assets.xcassets; sourceTree = "<group>"; };
		B2954B46227C405800B8D37C /* Base */ = {isa = PBXFileReference; lastKnownFileType = file.storyboard; name = Base; path = Base.lproj/LaunchScreen.storyboard; sourceTree = "<group>"; };
		B2954B48227C405800B8D37C /* Info.plist */ = {isa = PBXFileReference; lastKnownFileType = text.plist.xml; path = Info.plist; sourceTree = "<group>"; };
		B2954B51227C48BA00B8D37C /* FabricsManager.swift */ = {isa = PBXFileReference; lastKnownFileType = sourcecode.swift; path = FabricsManager.swift; sourceTree = "<group>"; };
		B2954B54227C4A2A00B8D37C /* Router.swift */ = {isa = PBXFileReference; lastKnownFileType = sourcecode.swift; path = Router.swift; sourceTree = "<group>"; };
		B2954B57227C7D6000B8D37C /* RouterErrors.swift */ = {isa = PBXFileReference; lastKnownFileType = sourcecode.swift; path = RouterErrors.swift; sourceTree = "<group>"; };
		B2954B59227C815D00B8D37C /* API.swift */ = {isa = PBXFileReference; lastKnownFileType = sourcecode.swift; path = API.swift; sourceTree = "<group>"; };
		B2954B5C227C86A600B8D37C /* UserResponse.swift */ = {isa = PBXFileReference; lastKnownFileType = sourcecode.swift; path = UserResponse.swift; sourceTree = "<group>"; };
		B2954B5E227C895200B8D37C /* CollectionResponse.swift */ = {isa = PBXFileReference; lastKnownFileType = sourcecode.swift; path = CollectionResponse.swift; sourceTree = "<group>"; };
		B2954B60227C89ED00B8D37C /* MembershipResponse.swift */ = {isa = PBXFileReference; lastKnownFileType = sourcecode.swift; path = MembershipResponse.swift; sourceTree = "<group>"; };
		B2954B63227C8B6C00B8D37C /* DataRequest+NetResponse.swift */ = {isa = PBXFileReference; lastKnownFileType = sourcecode.swift; path = "DataRequest+NetResponse.swift"; sourceTree = "<group>"; };
		B2954B67227C8D1D00B8D37C /* DateFormatter+appStyle.swift */ = {isa = PBXFileReference; lastKnownFileType = sourcecode.swift; path = "DateFormatter+appStyle.swift"; sourceTree = "<group>"; };
		B2954B6B227C926100B8D37C /* ExclusivityController.swift */ = {isa = PBXFileReference; fileEncoding = 4; lastKnownFileType = sourcecode.swift; path = ExclusivityController.swift; sourceTree = "<group>"; };
		B2954B6C227C926100B8D37C /* OperationQueue.swift */ = {isa = PBXFileReference; fileEncoding = 4; lastKnownFileType = sourcecode.swift; path = OperationQueue.swift; sourceTree = "<group>"; };
		B2954B6E227C926100B8D37C /* LocationOperation.swift */ = {isa = PBXFileReference; fileEncoding = 4; lastKnownFileType = sourcecode.swift; path = LocationOperation.swift; sourceTree = "<group>"; };
		B2954B6F227C926100B8D37C /* GroupOperation.swift */ = {isa = PBXFileReference; fileEncoding = 4; lastKnownFileType = sourcecode.swift; path = GroupOperation.swift; sourceTree = "<group>"; };
		B2954B70227C926100B8D37C /* BlockOperation.swift */ = {isa = PBXFileReference; fileEncoding = 4; lastKnownFileType = sourcecode.swift; path = BlockOperation.swift; sourceTree = "<group>"; };
		B2954B71227C926100B8D37C /* URLSessionTaskOperation.swift */ = {isa = PBXFileReference; fileEncoding = 4; lastKnownFileType = sourcecode.swift; path = URLSessionTaskOperation.swift; sourceTree = "<group>"; };
		B2954B72227C926100B8D37C /* DelayOperation.swift */ = {isa = PBXFileReference; fileEncoding = 4; lastKnownFileType = sourcecode.swift; path = DelayOperation.swift; sourceTree = "<group>"; };
		B2954B73227C926100B8D37C /* Operation.swift */ = {isa = PBXFileReference; fileEncoding = 4; lastKnownFileType = sourcecode.swift; path = Operation.swift; sourceTree = "<group>"; };
		B2954B75227C926100B8D37C /* RemoteNotificationCondition.swift */ = {isa = PBXFileReference; fileEncoding = 4; lastKnownFileType = sourcecode.swift; path = RemoteNotificationCondition.swift; sourceTree = "<group>"; };
		B2954B76227C926100B8D37C /* ReachabilityCondition.swift */ = {isa = PBXFileReference; fileEncoding = 4; lastKnownFileType = sourcecode.swift; path = ReachabilityCondition.swift; sourceTree = "<group>"; };
		B2954B77227C926100B8D37C /* PhotosCondition.swift */ = {isa = PBXFileReference; fileEncoding = 4; lastKnownFileType = sourcecode.swift; path = PhotosCondition.swift; sourceTree = "<group>"; };
		B2954B78227C926100B8D37C /* NegatedCondition.swift */ = {isa = PBXFileReference; fileEncoding = 4; lastKnownFileType = sourcecode.swift; path = NegatedCondition.swift; sourceTree = "<group>"; };
		B2954B79227C926100B8D37C /* PassbookCondition.swift */ = {isa = PBXFileReference; fileEncoding = 4; lastKnownFileType = sourcecode.swift; path = PassbookCondition.swift; sourceTree = "<group>"; };
		B2954B7A227C926100B8D37C /* NoCancelledDependencies.swift */ = {isa = PBXFileReference; fileEncoding = 4; lastKnownFileType = sourcecode.swift; path = NoCancelledDependencies.swift; sourceTree = "<group>"; };
		B2954B7B227C926100B8D37C /* UserNotificationCondition.swift */ = {isa = PBXFileReference; fileEncoding = 4; lastKnownFileType = sourcecode.swift; path = UserNotificationCondition.swift; sourceTree = "<group>"; };
		B2954B7C227C926100B8D37C /* CloudCondition.swift */ = {isa = PBXFileReference; fileEncoding = 4; lastKnownFileType = sourcecode.swift; path = CloudCondition.swift; sourceTree = "<group>"; };
		B2954B7D227C926100B8D37C /* SilentCondition.swift */ = {isa = PBXFileReference; fileEncoding = 4; lastKnownFileType = sourcecode.swift; path = SilentCondition.swift; sourceTree = "<group>"; };
		B2954B7E227C926100B8D37C /* HealthCondition.swift */ = {isa = PBXFileReference; fileEncoding = 4; lastKnownFileType = sourcecode.swift; path = HealthCondition.swift; sourceTree = "<group>"; };
		B2954B7F227C926100B8D37C /* LocationCondition.swift */ = {isa = PBXFileReference; fileEncoding = 4; lastKnownFileType = sourcecode.swift; path = LocationCondition.swift; sourceTree = "<group>"; };
		B2954B80227C926100B8D37C /* MutuallyExclusive.swift */ = {isa = PBXFileReference; fileEncoding = 4; lastKnownFileType = sourcecode.swift; path = MutuallyExclusive.swift; sourceTree = "<group>"; };
		B2954B81227C926100B8D37C /* OperationCondition.swift */ = {isa = PBXFileReference; fileEncoding = 4; lastKnownFileType = sourcecode.swift; path = OperationCondition.swift; sourceTree = "<group>"; };
		B2954B82227C926100B8D37C /* CalendarCondition.swift */ = {isa = PBXFileReference; fileEncoding = 4; lastKnownFileType = sourcecode.swift; path = CalendarCondition.swift; sourceTree = "<group>"; };
		B2954B83227C926100B8D37C /* OperationErrors.swift */ = {isa = PBXFileReference; fileEncoding = 4; lastKnownFileType = sourcecode.swift; path = OperationErrors.swift; sourceTree = "<group>"; };
		B2954B85227C926100B8D37C /* NSLock+Operations.swift */ = {isa = PBXFileReference; fileEncoding = 4; lastKnownFileType = sourcecode.swift; path = "NSLock+Operations.swift"; sourceTree = "<group>"; };
		B2954B86227C926100B8D37C /* Dictionary+Operations.swift */ = {isa = PBXFileReference; fileEncoding = 4; lastKnownFileType = sourcecode.swift; path = "Dictionary+Operations.swift"; sourceTree = "<group>"; };
		B2954B87227C926100B8D37C /* CKContainer+Operations.swift */ = {isa = PBXFileReference; fileEncoding = 4; lastKnownFileType = sourcecode.swift; path = "CKContainer+Operations.swift"; sourceTree = "<group>"; };
		B2954B88227C926100B8D37C /* NSOperation+Operations.swift */ = {isa = PBXFileReference; fileEncoding = 4; lastKnownFileType = sourcecode.swift; path = "NSOperation+Operations.swift"; sourceTree = "<group>"; };
		B2954B89227C926100B8D37C /* UIUserNotifications+Operations.swift */ = {isa = PBXFileReference; fileEncoding = 4; lastKnownFileType = sourcecode.swift; path = "UIUserNotifications+Operations.swift"; sourceTree = "<group>"; };
		B2954B8B227C926100B8D37C /* OperationObserver.swift */ = {isa = PBXFileReference; fileEncoding = 4; lastKnownFileType = sourcecode.swift; path = OperationObserver.swift; sourceTree = "<group>"; };
		B2954B8C227C926100B8D37C /* BackgroundObserver.swift */ = {isa = PBXFileReference; fileEncoding = 4; lastKnownFileType = sourcecode.swift; path = BackgroundObserver.swift; sourceTree = "<group>"; };
		B2954B8D227C926100B8D37C /* BlockObserver.swift */ = {isa = PBXFileReference; fileEncoding = 4; lastKnownFileType = sourcecode.swift; path = BlockObserver.swift; sourceTree = "<group>"; };
		B2954B8E227C926100B8D37C /* TimeoutObserver.swift */ = {isa = PBXFileReference; fileEncoding = 4; lastKnownFileType = sourcecode.swift; path = TimeoutObserver.swift; sourceTree = "<group>"; };
		B2954BB1227C95C600B8D37C /* AllCollectionsViewController.swift */ = {isa = PBXFileReference; lastKnownFileType = sourcecode.swift; path = AllCollectionsViewController.swift; sourceTree = "<group>"; };
		B2954BB4227C960300B8D37C /* TableViewDataSource.swift */ = {isa = PBXFileReference; lastKnownFileType = sourcecode.swift; path = TableViewDataSource.swift; sourceTree = "<group>"; };
		B2954BB6227C987200B8D37C /* AllCollectionCell.swift */ = {isa = PBXFileReference; lastKnownFileType = sourcecode.swift; path = AllCollectionCell.swift; sourceTree = "<group>"; };
		B2954BB8227C993200B8D37C /* AllCollectionCell.xib */ = {isa = PBXFileReference; lastKnownFileType = file.xib; path = AllCollectionCell.xib; sourceTree = "<group>"; };
		B2954BBB227C9B5100B8D37C /* UIView+identificators.swift */ = {isa = PBXFileReference; lastKnownFileType = sourcecode.swift; path = "UIView+identificators.swift"; sourceTree = "<group>"; };
		B2954BBF227C9E2A00B8D37C /* User.swift */ = {isa = PBXFileReference; lastKnownFileType = sourcecode.swift; path = User.swift; sourceTree = "<group>"; };
		B2954BC1227C9F6100B8D37C /* Collection.swift */ = {isa = PBXFileReference; lastKnownFileType = sourcecode.swift; path = Collection.swift; sourceTree = "<group>"; };
		B2BE421822943C78008DA778 /* UploadWillTerminateObserver.swift */ = {isa = PBXFileReference; lastKnownFileType = sourcecode.swift; path = UploadWillTerminateObserver.swift; sourceTree = "<group>"; };
		B2BE421A22943E8C008DA778 /* UploadImageAssetToBackEndOperatoin.swift */ = {isa = PBXFileReference; lastKnownFileType = sourcecode.swift; path = UploadImageAssetToBackEndOperatoin.swift; sourceTree = "<group>"; };
		B2D67492229828E00039B17C /* UploadAllImageAssetsToBackEndOperation.swift */ = {isa = PBXFileReference; lastKnownFileType = sourcecode.swift; path = UploadAllImageAssetsToBackEndOperation.swift; sourceTree = "<group>"; };
		B2D6749422982DA50039B17C /* StartUploadingCollectionOperation.swift */ = {isa = PBXFileReference; lastKnownFileType = sourcecode.swift; path = StartUploadingCollectionOperation.swift; sourceTree = "<group>"; };
		B2D67496229843E50039B17C /* AllCollectionsViewModel.swift */ = {isa = PBXFileReference; lastKnownFileType = sourcecode.swift; path = AllCollectionsViewModel.swift; sourceTree = "<group>"; };
		B2D6749922986BB90039B17C /* Colors.swift */ = {isa = PBXFileReference; lastKnownFileType = sourcecode.swift; path = Colors.swift; sourceTree = "<group>"; };
		B2D6749B22986C040039B17C /* UIColor+hex.swift */ = {isa = PBXFileReference; lastKnownFileType = sourcecode.swift; path = "UIColor+hex.swift"; sourceTree = "<group>"; };
		BDD6DB779EF3AD402240BA83 /* Pods_Tasveer.framework */ = {isa = PBXFileReference; explicitFileType = wrapper.framework; includeInIndex = 0; path = Pods_Tasveer.framework; sourceTree = BUILT_PRODUCTS_DIR; };
		FE2BF7CA5F1EF5D8619F2543 /* Pods-Tasveer.debug.xcconfig */ = {isa = PBXFileReference; includeInIndex = 1; lastKnownFileType = text.xcconfig; name = "Pods-Tasveer.debug.xcconfig"; path = "Target Support Files/Pods-Tasveer/Pods-Tasveer.debug.xcconfig"; sourceTree = "<group>"; };
/* End PBXFileReference section */

/* Begin PBXFrameworksBuildPhase section */
		B2954B33227C405700B8D37C /* Frameworks */ = {
			isa = PBXFrameworksBuildPhase;
			buildActionMask = 2147483647;
			files = (
				2EE8026DD1CDCAD57918D0B2 /* Pods_Tasveer.framework in Frameworks */,
			);
			runOnlyForDeploymentPostprocessing = 0;
		};
/* End PBXFrameworksBuildPhase section */

/* Begin PBXGroup section */
		8A5B783D104170B5131F987D /* Frameworks */ = {
			isa = PBXGroup;
			children = (
				BDD6DB779EF3AD402240BA83 /* Pods_Tasveer.framework */,
			);
			name = Frameworks;
			sourceTree = "<group>";
		};
		B21CC420228012A600114ACC /* Helper */ = {
			isa = PBXGroup;
			children = (
				B21CC421228012C200114ACC /* CoreDataContextObserver.swift */,
				B21CC422228012C200114ACC /* Managed.swift */,
			);
			path = Helper;
			sourceTree = "<group>";
		};
		B21CC425228012DB00114ACC /* Versioning */ = {
			isa = PBXGroup;
			children = (
				B21CC426228012EC00114ACC /* Migration.swift */,
				B21CC42A228012EC00114ACC /* ModelVersion.swift */,
				B21CC429228012EC00114ACC /* ModelVersions.swift */,
				B21CC427228012EC00114ACC /* NSPersistenStoreCoordinator+Extensions.swift */,
				B21CC428228012EC00114ACC /* Utilities.swift */,
			);
			path = Versioning;
			sourceTree = "<group>";
		};
		B21CC43822802B1600114ACC /* DetailCollection */ = {
			isa = PBXGroup;
			children = (
				B281595F2281A9E600F09F6F /* People */,
				B281595C2281A97C00F09F6F /* Photos */,
				B21CC43E2280303000114ACC /* Filters */,
				B21CC43B22802CD200114ACC /* Operations */,
				B21CC43922802B2F00114ACC /* CollectionDetailViewController.swift */,
			);
			path = DetailCollection;
			sourceTree = "<group>";
		};
		B21CC43B22802CD200114ACC /* Operations */ = {
			isa = PBXGroup;
			children = (
				B21CC43C22802ED700114ACC /* OpenFiltersSceneOperation.swift */,
				B25EB8C422BC294300F508F0 /* ApplyFilterOpertion.swift */,
				B28159742282D5C800F09F6F /* FetchPhotosByFilterOperation.swift */,
				B25EB8C622BC29B900F508F0 /* StoreNewPhotosIntoDatabaseOperation.swift */,
			);
			path = Operations;
			sourceTree = "<group>";
		};
		B21CC43E2280303000114ACC /* Filters */ = {
			isa = PBXGroup;
			children = (
				B23FA0C02284A1930079A0B5 /* PickAlbum */,
				B23FA0BA22844BD80079A0B5 /* Operations */,
				B21CC43F2280303E00114ACC /* FiltersViewController.swift */,
				B281595A2281928800F09F6F /* FiltersModel.swift */,
			);
			path = Filters;
			sourceTree = "<group>";
		};
		B21CC443228034EC00114ACC /* Operations */ = {
			isa = PBXGroup;
			children = (
				B21CC4442280351800114ACC /* OpenCollectionDetailSceneOperation.swift */,
			);
			path = Operations;
			sourceTree = "<group>";
		};
		B21DFE082296D0F90007A1B8 /* Constants */ = {
			isa = PBXGroup;
			children = (
				B21DFE092296D1090007A1B8 /* NetworkConstants.swift */,
			);
			path = Constants;
			sourceTree = "<group>";
		};
		B23FA0BA22844BD80079A0B5 /* Operations */ = {
			isa = PBXGroup;
			children = (
				B23FA0BB22844BFB0079A0B5 /* FetchAlbumNamesOperation.swift */,
				B21DFE042296CACE0007A1B8 /* CreateAndSaveCollectionOperation.swift */,
				B21DFE062296CB470007A1B8 /* CreateNetworkCollectionOperation.swift */,
				B21DFE0B2296D74F0007A1B8 /* SaveCollectionResponseOperation.swift */,
			);
			path = Operations;
			sourceTree = "<group>";
		};
		B23FA0BD228453ED0079A0B5 /* Views */ = {
			isa = PBXGroup;
			children = (
				B23FA0BE228453FD0079A0B5 /* TextField.swift */,
			);
			path = Views;
			sourceTree = "<group>";
		};
		B23FA0C02284A1930079A0B5 /* PickAlbum */ = {
			isa = PBXGroup;
			children = (
				B23FA0C12284A1B00079A0B5 /* PickAlbumViewController.swift */,
			);
			path = PickAlbum;
			sourceTree = "<group>";
		};
		B2604B7B228B7EA4005CFEDF /* Auth */ = {
			isa = PBXGroup;
			children = (
				B2604B83228B8515005CFEDF /* Operations */,
				B2604B7C228B7EB7005CFEDF /* Auth.storyboard */,
				B2604B7E228B7ED7005CFEDF /* AuthViewController.swift */,
				B2604B80228B7F26005CFEDF /* AuthOperation.swift */,
			);
			path = Auth;
			sourceTree = "<group>";
		};
		B2604B83228B8515005CFEDF /* Operations */ = {
			isa = PBXGroup;
			children = (
				B2604B84228B8530005CFEDF /* ShowMainSceneOperation.swift */,
			);
			path = Operations;
			sourceTree = "<group>";
		};
		B281595C2281A97C00F09F6F /* Photos */ = {
			isa = PBXGroup;
			children = (
				B281595D2281A99C00F09F6F /* CollectionPhotosViewController.swift */,
				B23616792289C1E800B6AC3B /* AssetViewController.swift */,
				B236167B2289C29200B6AC3B /* GridViewCell.swift */,
				B236167D2289C2AF00B6AC3B /* GridViewCell.xib */,
			);
			path = Photos;
			sourceTree = "<group>";
		};
		B281595F2281A9E600F09F6F /* People */ = {
			isa = PBXGroup;
			children = (
				B28159642281B33F00F09F6F /* Cell */,
				B28159602281A9FC00F09F6F /* CollectionPeopleViewController.swift */,
				B28159622281AA7100F09F6F /* CollectionPeopleModel.swift */,
			);
			path = People;
			sourceTree = "<group>";
		};
		B28159642281B33F00F09F6F /* Cell */ = {
			isa = PBXGroup;
			children = (
				B28159652281B37A00F09F6F /* PersonCell.xib */,
				B28159672281B3EC00F09F6F /* PersonCell.swift */,
			);
			path = Cell;
			sourceTree = "<group>";
		};
		B28159692281B47800F09F6F /* Shared */ = {
			isa = PBXGroup;
			children = (
				B23FA0BD228453ED0079A0B5 /* Views */,
				B281596F2282C91F00F09F6F /* Operation */,
				B281596A2281B48000F09F6F /* Cell */,
			);
			path = Shared;
			sourceTree = "<group>";
		};
		B281596A2281B48000F09F6F /* Cell */ = {
			isa = PBXGroup;
			children = (
				B281596B2281B48D00F09F6F /* ButtonCell.xib */,
				B281596D2281B4C900F09F6F /* ButtonCell.swift */,
			);
			path = Cell;
			sourceTree = "<group>";
		};
		B281596F2282C91F00F09F6F /* Operation */ = {
			isa = PBXGroup;
			children = (
				B28159702282C93300F09F6F /* PhotoAccessCondition.swift */,
			);
			path = Operation;
			sourceTree = "<group>";
		};
		B2954B2D227C405700B8D37C = {
			isa = PBXGroup;
			children = (
				B2954B38227C405700B8D37C /* Tasveer */,
				B2954B37227C405700B8D37C /* Products */,
				CDDA481C3F0A6E50D2F053B7 /* Pods */,
				8A5B783D104170B5131F987D /* Frameworks */,
			);
			sourceTree = "<group>";
		};
		B2954B37227C405700B8D37C /* Products */ = {
			isa = PBXGroup;
			children = (
				B2954B36227C405700B8D37C /* Tasveer.app */,
			);
			name = Products;
			sourceTree = "<group>";
		};
		B2954B38227C405700B8D37C /* Tasveer */ = {
			isa = PBXGroup;
			children = (
				B2954BAF227C95AF00B8D37C /* Scenes */,
				B2954B4F227C48A000B8D37C /* Helpers */,
				B2954B39227C405700B8D37C /* AppDelegate.swift */,
				B2954B3D227C405700B8D37C /* Main.storyboard */,
				B2954B43227C405800B8D37C /* Assets.xcassets */,
				B2954B45227C405800B8D37C /* LaunchScreen.storyboard */,
				B2954B48227C405800B8D37C /* Info.plist */,
				B2954B40227C405700B8D37C /* Tasveer.xcdatamodeld */,
			);
			path = Tasveer;
			sourceTree = "<group>";
		};
		B2954B4F227C48A000B8D37C /* Helpers */ = {
			isa = PBXGroup;
			children = (
				B21DFE082296D0F90007A1B8 /* Constants */,
				B2954BBD227C9DF900B8D37C /* CoreData */,
				B2954BB3227C95F000B8D37C /* DataSource */,
				B2954B69227C926100B8D37C /* Operations */,
				B2954B62227C8B4C00B8D37C /* Extension */,
				B2954B56227C7D4900B8D37C /* Error */,
				B2954B53227C49F700B8D37C /* Networking */,
				B2954B50227C48AA00B8D37C /* Manager */,
			);
			path = Helpers;
			sourceTree = "<group>";
		};
		B2954B50227C48AA00B8D37C /* Manager */ = {
			isa = PBXGroup;
			children = (
				B2954B51227C48BA00B8D37C /* FabricsManager.swift */,
				B21CC4302280147C00114ACC /* PersistentStoreManager.swift */,
				B21CC4322280175E00114ACC /* AppManager.swift */,
				B21CC4412280346900114ACC /* AppDelegateManager.swift */,
				B2604B79228B7B01005CFEDF /* AuthManager.swift */,
			);
			path = Manager;
			sourceTree = "<group>";
		};
		B2954B53227C49F700B8D37C /* Networking */ = {
			isa = PBXGroup;
			children = (
				B2954B5B227C869000B8D37C /* DTO */,
				B2954B54227C4A2A00B8D37C /* Router.swift */,
				B2954B59227C815D00B8D37C /* API.swift */,
			);
			path = Networking;
			sourceTree = "<group>";
		};
		B2954B56227C7D4900B8D37C /* Error */ = {
			isa = PBXGroup;
			children = (
				B2954B57227C7D6000B8D37C /* RouterErrors.swift */,
			);
			path = Error;
			sourceTree = "<group>";
		};
		B2954B5B227C869000B8D37C /* DTO */ = {
			isa = PBXGroup;
			children = (
				B2954B5C227C86A600B8D37C /* UserResponse.swift */,
				B2954B5E227C895200B8D37C /* CollectionResponse.swift */,
				B2954B60227C89ED00B8D37C /* MembershipResponse.swift */,
				B237ABD3228CAC1A00191FDC /* PhotoResponse.swift */,
			);
			path = DTO;
			sourceTree = "<group>";
		};
		B2954B62227C8B4C00B8D37C /* Extension */ = {
			isa = PBXGroup;
			children = (
				B2954B63227C8B6C00B8D37C /* DataRequest+NetResponse.swift */,
				B2954B67227C8D1D00B8D37C /* DateFormatter+appStyle.swift */,
				B2954BBB227C9B5100B8D37C /* UIView+identificators.swift */,
				B21CC43422801A3F00114ACC /* NSManagedObjectContext+cache.swift */,
				B21CC446228048AD00114ACC /* UIView+firstResponder.swift */,
				B2D6749B22986C040039B17C /* UIColor+hex.swift */,
			);
			path = Extension;
			sourceTree = "<group>";
		};
		B2954B69227C926100B8D37C /* Operations */ = {
			isa = PBXGroup;
			children = (
				B2954B6A227C926100B8D37C /* OperationQueues */,
				B2954B6D227C926100B8D37C /* Operations */,
				B2954B74227C926100B8D37C /* Conditions */,
				B2954B84227C926100B8D37C /* Convenience Extensions */,
				B2954B8A227C926100B8D37C /* Observers */,
			);
			path = Operations;
			sourceTree = "<group>";
		};
		B2954B6A227C926100B8D37C /* OperationQueues */ = {
			isa = PBXGroup;
			children = (
				B2954B6B227C926100B8D37C /* ExclusivityController.swift */,
				B2954B6C227C926100B8D37C /* OperationQueue.swift */,
			);
			path = OperationQueues;
			sourceTree = "<group>";
		};
		B2954B6D227C926100B8D37C /* Operations */ = {
			isa = PBXGroup;
			children = (
				B2954B6E227C926100B8D37C /* LocationOperation.swift */,
				B2954B6F227C926100B8D37C /* GroupOperation.swift */,
				B2954B70227C926100B8D37C /* BlockOperation.swift */,
				B2954B71227C926100B8D37C /* URLSessionTaskOperation.swift */,
				B2954B72227C926100B8D37C /* DelayOperation.swift */,
				B2954B73227C926100B8D37C /* Operation.swift */,
			);
			path = Operations;
			sourceTree = "<group>";
		};
		B2954B74227C926100B8D37C /* Conditions */ = {
			isa = PBXGroup;
			children = (
				B2954B75227C926100B8D37C /* RemoteNotificationCondition.swift */,
				B2954B76227C926100B8D37C /* ReachabilityCondition.swift */,
				B2954B77227C926100B8D37C /* PhotosCondition.swift */,
				B2954B78227C926100B8D37C /* NegatedCondition.swift */,
				B2954B79227C926100B8D37C /* PassbookCondition.swift */,
				B2954B7A227C926100B8D37C /* NoCancelledDependencies.swift */,
				B2954B7B227C926100B8D37C /* UserNotificationCondition.swift */,
				B2954B7C227C926100B8D37C /* CloudCondition.swift */,
				B2954B7D227C926100B8D37C /* SilentCondition.swift */,
				B2954B7E227C926100B8D37C /* HealthCondition.swift */,
				B2954B7F227C926100B8D37C /* LocationCondition.swift */,
				B2954B80227C926100B8D37C /* MutuallyExclusive.swift */,
				B2954B81227C926100B8D37C /* OperationCondition.swift */,
				B2954B82227C926100B8D37C /* CalendarCondition.swift */,
				B2954B83227C926100B8D37C /* OperationErrors.swift */,
			);
			path = Conditions;
			sourceTree = "<group>";
		};
		B2954B84227C926100B8D37C /* Convenience Extensions */ = {
			isa = PBXGroup;
			children = (
				B2954B85227C926100B8D37C /* NSLock+Operations.swift */,
				B2954B86227C926100B8D37C /* Dictionary+Operations.swift */,
				B2954B87227C926100B8D37C /* CKContainer+Operations.swift */,
				B2954B88227C926100B8D37C /* NSOperation+Operations.swift */,
				B2954B89227C926100B8D37C /* UIUserNotifications+Operations.swift */,
			);
			path = "Convenience Extensions";
			sourceTree = "<group>";
		};
		B2954B8A227C926100B8D37C /* Observers */ = {
			isa = PBXGroup;
			children = (
				B2954B8B227C926100B8D37C /* OperationObserver.swift */,
				B2954B8C227C926100B8D37C /* BackgroundObserver.swift */,
				B2954B8D227C926100B8D37C /* BlockObserver.swift */,
				B2954B8E227C926100B8D37C /* TimeoutObserver.swift */,
			);
			path = Observers;
			sourceTree = "<group>";
		};
		B2954BAF227C95AF00B8D37C /* Scenes */ = {
			isa = PBXGroup;
			children = (
				B28159692281B47800F09F6F /* Shared */,
				B2604B7B228B7EA4005CFEDF /* Auth */,
				B2954BB0227C95B500B8D37C /* AllCollections */,
			);
			path = Scenes;
			sourceTree = "<group>";
		};
		B2954BB0227C95B500B8D37C /* AllCollections */ = {
			isa = PBXGroup;
			children = (
				B2BE421722943C48008DA778 /* UploadOperations */,
				B21CC443228034EC00114ACC /* Operations */,
				B21CC43822802B1600114ACC /* DetailCollection */,
				B2954BBA227C9B0B00B8D37C /* Cell */,
				B2954BB1227C95C600B8D37C /* AllCollectionsViewController.swift */,
				B2D67496229843E50039B17C /* AllCollectionsViewModel.swift */,
				B21CC4362280214D00114ACC /* Collections.storyboard */,
			);
			path = AllCollections;
			sourceTree = "<group>";
		};
		B2954BB3227C95F000B8D37C /* DataSource */ = {
			isa = PBXGroup;
			children = (
				B2954BB4227C960300B8D37C /* TableViewDataSource.swift */,
				B21DFE0D2297250D0007A1B8 /* CollectionViewDataSource.swift */,
			);
			path = DataSource;
			sourceTree = "<group>";
		};
		B2954BBA227C9B0B00B8D37C /* Cell */ = {
			isa = PBXGroup;
			children = (
				B2954BB6227C987200B8D37C /* AllCollectionCell.swift */,
				B2954BB8227C993200B8D37C /* AllCollectionCell.xib */,
			);
			path = Cell;
			sourceTree = "<group>";
		};
		B2954BBD227C9DF900B8D37C /* CoreData */ = {
			isa = PBXGroup;
			children = (
				B2D6749822986BA80039B17C /* Utils */,
				B21CC425228012DB00114ACC /* Versioning */,
				B21CC420228012A600114ACC /* Helper */,
				B2954BBE227C9E0E00B8D37C /* Entities */,
			);
			path = CoreData;
			sourceTree = "<group>";
		};
		B2954BBE227C9E0E00B8D37C /* Entities */ = {
			isa = PBXGroup;
			children = (
				B2954BBF227C9E2A00B8D37C /* User.swift */,
				B2954BC1227C9F6100B8D37C /* Collection.swift */,
				B2361677228999E600B6AC3B /* Filter.swift */,
				B237ABD1228C49DA00191FDC /* Photo.swift */,
				B26D9CA52292D3C7003B1133 /* UploadTask.swift */,
				B26D9CA72292D430003B1133 /* UploadAsset.swift */,
			);
			path = Entities;
			sourceTree = "<group>";
		};
		B2BE421722943C48008DA778 /* UploadOperations */ = {
			isa = PBXGroup;
			children = (
				B2D6749422982DA50039B17C /* StartUploadingCollectionOperation.swift */,
				B2D67492229828E00039B17C /* UploadAllImageAssetsToBackEndOperation.swift */,
				B2BE421A22943E8C008DA778 /* UploadImageAssetToBackEndOperatoin.swift */,
				B2BE421822943C78008DA778 /* UploadWillTerminateObserver.swift */,
			);
			path = UploadOperations;
			sourceTree = "<group>";
		};
		B2D6749822986BA80039B17C /* Utils */ = {
			isa = PBXGroup;
			children = (
				B2D6749922986BB90039B17C /* Colors.swift */,
			);
			path = Utils;
			sourceTree = "<group>";
		};
		CDDA481C3F0A6E50D2F053B7 /* Pods */ = {
			isa = PBXGroup;
			children = (
				FE2BF7CA5F1EF5D8619F2543 /* Pods-Tasveer.debug.xcconfig */,
				A894A9C79A642E5D3B8CC975 /* Pods-Tasveer.release.xcconfig */,
			);
			path = Pods;
			sourceTree = "<group>";
		};
/* End PBXGroup section */

/* Begin PBXNativeTarget section */
		B2954B35227C405700B8D37C /* Tasveer */ = {
			isa = PBXNativeTarget;
			buildConfigurationList = B2954B4B227C405800B8D37C /* Build configuration list for PBXNativeTarget "Tasveer" */;
			buildPhases = (
				8D014EA621EA87A368673C52 /* [CP] Check Pods Manifest.lock */,
				B2954B32227C405700B8D37C /* Sources */,
				B2954B33227C405700B8D37C /* Frameworks */,
				B2954B34227C405700B8D37C /* Resources */,
				C242D325383CB1E109749A12 /* [CP] Embed Pods Frameworks */,
				B2954B4E227C456A00B8D37C /* ShellScript */,
			);
			buildRules = (
			);
			dependencies = (
			);
			name = Tasveer;
			productName = Tasveer;
			productReference = B2954B36227C405700B8D37C /* Tasveer.app */;
			productType = "com.apple.product-type.application";
		};
/* End PBXNativeTarget section */

/* Begin PBXProject section */
		B2954B2E227C405700B8D37C /* Project object */ = {
			isa = PBXProject;
			attributes = {
				LastSwiftUpdateCheck = 1020;
				LastUpgradeCheck = 1020;
				ORGANIZATIONNAME = "Haik Ampardjian";
				TargetAttributes = {
					B2954B35227C405700B8D37C = {
						CreatedOnToolsVersion = 10.2.1;
					};
				};
			};
			buildConfigurationList = B2954B31227C405700B8D37C /* Build configuration list for PBXProject "Tasveer" */;
			compatibilityVersion = "Xcode 9.3";
			developmentRegion = en;
			hasScannedForEncodings = 0;
			knownRegions = (
				en,
				Base,
			);
			mainGroup = B2954B2D227C405700B8D37C;
			productRefGroup = B2954B37227C405700B8D37C /* Products */;
			projectDirPath = "";
			projectRoot = "";
			targets = (
				B2954B35227C405700B8D37C /* Tasveer */,
			);
		};
/* End PBXProject section */

/* Begin PBXResourcesBuildPhase section */
		B2954B34227C405700B8D37C /* Resources */ = {
			isa = PBXResourcesBuildPhase;
			buildActionMask = 2147483647;
			files = (
				B2604B7D228B7EB7005CFEDF /* Auth.storyboard in Resources */,
				B2954B47227C405800B8D37C /* LaunchScreen.storyboard in Resources */,
				B2954B44227C405800B8D37C /* Assets.xcassets in Resources */,
				B236167E2289C2AF00B6AC3B /* GridViewCell.xib in Resources */,
				B28159662281B37A00F09F6F /* PersonCell.xib in Resources */,
				B21CC4372280214D00114ACC /* Collections.storyboard in Resources */,
				B281596C2281B48D00F09F6F /* ButtonCell.xib in Resources */,
				B2954B3F227C405700B8D37C /* Main.storyboard in Resources */,
				B2954BB9227C993200B8D37C /* AllCollectionCell.xib in Resources */,
			);
			runOnlyForDeploymentPostprocessing = 0;
		};
/* End PBXResourcesBuildPhase section */

/* Begin PBXShellScriptBuildPhase section */
		8D014EA621EA87A368673C52 /* [CP] Check Pods Manifest.lock */ = {
			isa = PBXShellScriptBuildPhase;
			buildActionMask = 2147483647;
			files = (
			);
			inputFileListPaths = (
			);
			inputPaths = (
				"${PODS_PODFILE_DIR_PATH}/Podfile.lock",
				"${PODS_ROOT}/Manifest.lock",
			);
			name = "[CP] Check Pods Manifest.lock";
			outputFileListPaths = (
			);
			outputPaths = (
				"$(DERIVED_FILE_DIR)/Pods-Tasveer-checkManifestLockResult.txt",
			);
			runOnlyForDeploymentPostprocessing = 0;
			shellPath = /bin/sh;
			shellScript = "diff \"${PODS_PODFILE_DIR_PATH}/Podfile.lock\" \"${PODS_ROOT}/Manifest.lock\" > /dev/null\nif [ $? != 0 ] ; then\n    # print error to STDERR\n    echo \"error: The sandbox is not in sync with the Podfile.lock. Run 'pod install' or update your CocoaPods installation.\" >&2\n    exit 1\nfi\n# This output is used by Xcode 'outputs' to avoid re-running this script phase.\necho \"SUCCESS\" > \"${SCRIPT_OUTPUT_FILE_0}\"\n";
			showEnvVarsInLog = 0;
		};
		B2954B4E227C456A00B8D37C /* ShellScript */ = {
			isa = PBXShellScriptBuildPhase;
			buildActionMask = 2147483647;
			files = (
			);
			inputFileListPaths = (
			);
			inputPaths = (
			);
			outputFileListPaths = (
			);
			outputPaths = (
			);
			runOnlyForDeploymentPostprocessing = 0;
			shellPath = /bin/sh;
			shellScript = "\"${PODS_ROOT}/Fabric/run\" 5f4d7b70642bb2f48cf55604cd46d03baab0af28 7160016b384517310c77a97fba5e697e034927150c2ae09896a740900f06eba4\n";
		};
		C242D325383CB1E109749A12 /* [CP] Embed Pods Frameworks */ = {
			isa = PBXShellScriptBuildPhase;
			buildActionMask = 2147483647;
			files = (
			);
			inputFileListPaths = (
			);
			inputPaths = (
				"${PODS_ROOT}/Target Support Files/Pods-Tasveer/Pods-Tasveer-frameworks.sh",
				"${BUILT_PRODUCTS_DIR}/Alamofire/Alamofire.framework",
				"${BUILT_PRODUCTS_DIR}/MBCircularProgressBar/MBCircularProgressBar.framework",
				"${BUILT_PRODUCTS_DIR}/MBProgressHUD/MBProgressHUD.framework",
				"${BUILT_PRODUCTS_DIR}/MDFInternationalization/MDFInternationalization.framework",
				"${BUILT_PRODUCTS_DIR}/MDFTextAccessibility/MDFTextAccessibility.framework",
				"${BUILT_PRODUCTS_DIR}/MaterialComponents/MaterialComponents.framework",
				"${BUILT_PRODUCTS_DIR}/MotionAnimator/MotionAnimator.framework",
				"${BUILT_PRODUCTS_DIR}/MotionInterchange/MotionInterchange.framework",
				"${BUILT_PRODUCTS_DIR}/MotionTransitioning/MotionTransitioning.framework",
				"${BUILT_PRODUCTS_DIR}/Nuke/Nuke.framework",
				"${BUILT_PRODUCTS_DIR}/ReachabilitySwift/Reachability.framework",
				"${BUILT_PRODUCTS_DIR}/SwiftyJSON/SwiftyJSON.framework",
			);
			name = "[CP] Embed Pods Frameworks";
			outputFileListPaths = (
			);
			outputPaths = (
				"${TARGET_BUILD_DIR}/${FRAMEWORKS_FOLDER_PATH}/Alamofire.framework",
				"${TARGET_BUILD_DIR}/${FRAMEWORKS_FOLDER_PATH}/MBCircularProgressBar.framework",
				"${TARGET_BUILD_DIR}/${FRAMEWORKS_FOLDER_PATH}/MBProgressHUD.framework",
				"${TARGET_BUILD_DIR}/${FRAMEWORKS_FOLDER_PATH}/MDFInternationalization.framework",
				"${TARGET_BUILD_DIR}/${FRAMEWORKS_FOLDER_PATH}/MDFTextAccessibility.framework",
				"${TARGET_BUILD_DIR}/${FRAMEWORKS_FOLDER_PATH}/MaterialComponents.framework",
				"${TARGET_BUILD_DIR}/${FRAMEWORKS_FOLDER_PATH}/MotionAnimator.framework",
				"${TARGET_BUILD_DIR}/${FRAMEWORKS_FOLDER_PATH}/MotionInterchange.framework",
				"${TARGET_BUILD_DIR}/${FRAMEWORKS_FOLDER_PATH}/MotionTransitioning.framework",
				"${TARGET_BUILD_DIR}/${FRAMEWORKS_FOLDER_PATH}/Nuke.framework",
				"${TARGET_BUILD_DIR}/${FRAMEWORKS_FOLDER_PATH}/Reachability.framework",
				"${TARGET_BUILD_DIR}/${FRAMEWORKS_FOLDER_PATH}/SwiftyJSON.framework",
			);
			runOnlyForDeploymentPostprocessing = 0;
			shellPath = /bin/sh;
			shellScript = "\"${PODS_ROOT}/Target Support Files/Pods-Tasveer/Pods-Tasveer-frameworks.sh\"\n";
			showEnvVarsInLog = 0;
		};
/* End PBXShellScriptBuildPhase section */

/* Begin PBXSourcesBuildPhase section */
		B2954B32227C405700B8D37C /* Sources */ = {
			isa = PBXSourcesBuildPhase;
			buildActionMask = 2147483647;
			files = (
				B237ABD2228C49DA00191FDC /* Photo.swift in Sources */,
				B21CC4312280147C00114ACC /* PersistentStoreManager.swift in Sources */,
				B2954BC2227C9F6100B8D37C /* Collection.swift in Sources */,
				B21CC4422280346900114ACC /* AppDelegateManager.swift in Sources */,
				B23FA0C22284A1B00079A0B5 /* PickAlbumViewController.swift in Sources */,
				B28159612281A9FC00F09F6F /* CollectionPeopleViewController.swift in Sources */,
				B2954B9A227C926100B8D37C /* NegatedCondition.swift in Sources */,
				B2954B9B227C926100B8D37C /* PassbookCondition.swift in Sources */,
				B28159682281B3EC00F09F6F /* PersonCell.swift in Sources */,
				B28159632281AA7100F09F6F /* CollectionPeopleModel.swift in Sources */,
				B21DFE052296CACE0007A1B8 /* CreateAndSaveCollectionOperation.swift in Sources */,
				B2604B7A228B7B01005CFEDF /* AuthManager.swift in Sources */,
				B2954BA3227C926100B8D37C /* OperationCondition.swift in Sources */,
				B23FA0BC22844BFB0079A0B5 /* FetchAlbumNamesOperation.swift in Sources */,
				B21CC42C228012EC00114ACC /* NSPersistenStoreCoordinator+Extensions.swift in Sources */,
				B2954BA6227C926100B8D37C /* NSLock+Operations.swift in Sources */,
				B2954B8F227C926100B8D37C /* ExclusivityController.swift in Sources */,
				B21CC4402280303E00114ACC /* FiltersViewController.swift in Sources */,
				B25EB8C722BC29B900F508F0 /* StoreNewPhotosIntoDatabaseOperation.swift in Sources */,
				B281596E2281B4C900F09F6F /* ButtonCell.swift in Sources */,
				B21CC43D22802ED700114ACC /* OpenFiltersSceneOperation.swift in Sources */,
				B2954B95227C926100B8D37C /* DelayOperation.swift in Sources */,
				B2954B93227C926100B8D37C /* BlockOperation.swift in Sources */,
				B21DFE072296CB470007A1B8 /* CreateNetworkCollectionOperation.swift in Sources */,
				B2D67497229843E50039B17C /* AllCollectionsViewModel.swift in Sources */,
				B26D9CA62292D3C7003B1133 /* UploadTask.swift in Sources */,
				B2BE421922943C78008DA778 /* UploadWillTerminateObserver.swift in Sources */,
				B23FA0BF228453FD0079A0B5 /* TextField.swift in Sources */,
				B28159752282D5C800F09F6F /* FetchPhotosByFilterOperation.swift in Sources */,
				B2954B9E227C926100B8D37C /* CloudCondition.swift in Sources */,
				B2954B99227C926100B8D37C /* PhotosCondition.swift in Sources */,
				B2954BA2227C926100B8D37C /* MutuallyExclusive.swift in Sources */,
				B21CC42F228012EC00114ACC /* ModelVersion.swift in Sources */,
				B236167A2289C1E800B6AC3B /* AssetViewController.swift in Sources */,
				B2954B96227C926100B8D37C /* Operation.swift in Sources */,
				B2954BB7227C987300B8D37C /* AllCollectionCell.swift in Sources */,
				B21CC4452280351800114ACC /* OpenCollectionDetailSceneOperation.swift in Sources */,
				B2954B61227C89ED00B8D37C /* MembershipResponse.swift in Sources */,
				B2954BAD227C926100B8D37C /* BlockObserver.swift in Sources */,
				B2954BA0227C926100B8D37C /* HealthCondition.swift in Sources */,
				B236167C2289C29200B6AC3B /* GridViewCell.swift in Sources */,
				B2604B7F228B7ED7005CFEDF /* AuthViewController.swift in Sources */,
				B2954B52227C48BA00B8D37C /* FabricsManager.swift in Sources */,
				B2954B64227C8B6C00B8D37C /* DataRequest+NetResponse.swift in Sources */,
				B2954B42227C405700B8D37C /* Tasveer.xcdatamodeld in Sources */,
				B2D67493229828E00039B17C /* UploadAllImageAssetsToBackEndOperation.swift in Sources */,
				B2954BA1227C926100B8D37C /* LocationCondition.swift in Sources */,
				B2361678228999E600B6AC3B /* Filter.swift in Sources */,
				B281595E2281A99C00F09F6F /* CollectionPhotosViewController.swift in Sources */,
				B2954B55227C4A2A00B8D37C /* Router.swift in Sources */,
				B2D6749522982DA50039B17C /* StartUploadingCollectionOperation.swift in Sources */,
				B2954BC0227C9E2A00B8D37C /* User.swift in Sources */,
				B2D6749C22986C040039B17C /* UIColor+hex.swift in Sources */,
				B21CC447228048AD00114ACC /* UIView+firstResponder.swift in Sources */,
				B21CC4332280175E00114ACC /* AppManager.swift in Sources */,
				B2604B81228B7F26005CFEDF /* AuthOperation.swift in Sources */,
				B2954B5F227C895200B8D37C /* CollectionResponse.swift in Sources */,
				B25EB8C522BC294300F508F0 /* ApplyFilterOpertion.swift in Sources */,
				B2954BA5227C926100B8D37C /* OperationErrors.swift in Sources */,
				B21CC423228012C300114ACC /* CoreDataContextObserver.swift in Sources */,
				B21CC43522801A3F00114ACC /* NSManagedObjectContext+cache.swift in Sources */,
				B2BE421B22943E8C008DA778 /* UploadImageAssetToBackEndOperatoin.swift in Sources */,
				B2954B90227C926100B8D37C /* OperationQueue.swift in Sources */,
				B26D9CA82292D430003B1133 /* UploadAsset.swift in Sources */,
				B2954BA4227C926100B8D37C /* CalendarCondition.swift in Sources */,
				B2954B5D227C86A600B8D37C /* UserResponse.swift in Sources */,
				B21CC42B228012EC00114ACC /* Migration.swift in Sources */,
				B21DFE0E2297250D0007A1B8 /* CollectionViewDataSource.swift in Sources */,
				B2954B98227C926100B8D37C /* ReachabilityCondition.swift in Sources */,
				B2954B68227C8D1E00B8D37C /* DateFormatter+appStyle.swift in Sources */,
				B2954B9C227C926100B8D37C /* NoCancelledDependencies.swift in Sources */,
				B237ABD4228CAC1A00191FDC /* PhotoResponse.swift in Sources */,
				B2954BAE227C926100B8D37C /* TimeoutObserver.swift in Sources */,
				B2954B91227C926100B8D37C /* LocationOperation.swift in Sources */,
				B2604B85228B8530005CFEDF /* ShowMainSceneOperation.swift in Sources */,
				B21DFE0A2296D1090007A1B8 /* NetworkConstants.swift in Sources */,
				B2954B9D227C926100B8D37C /* UserNotificationCondition.swift in Sources */,
				B2954BAB227C926100B8D37C /* OperationObserver.swift in Sources */,
				B21CC43A22802B2F00114ACC /* CollectionDetailViewController.swift in Sources */,
				B2954BA7227C926100B8D37C /* Dictionary+Operations.swift in Sources */,
				B2954BA8227C926100B8D37C /* CKContainer+Operations.swift in Sources */,
				B2954BA9227C926100B8D37C /* NSOperation+Operations.swift in Sources */,
				B2954BAC227C926100B8D37C /* BackgroundObserver.swift in Sources */,
				B28159712282C93300F09F6F /* PhotoAccessCondition.swift in Sources */,
				B2954B94227C926100B8D37C /* URLSessionTaskOperation.swift in Sources */,
				B21CC42D228012EC00114ACC /* Utilities.swift in Sources */,
				B21CC424228012C300114ACC /* Managed.swift in Sources */,
				B2954B3A227C405700B8D37C /* AppDelegate.swift in Sources */,
				B2954BB5227C960300B8D37C /* TableViewDataSource.swift in Sources */,
				B2954BB2227C95C600B8D37C /* AllCollectionsViewController.swift in Sources */,
				B2D6749A22986BB90039B17C /* Colors.swift in Sources */,
				B2954B97227C926100B8D37C /* RemoteNotificationCondition.swift in Sources */,
				B2954B9F227C926100B8D37C /* SilentCondition.swift in Sources */,
				B2954B92227C926100B8D37C /* GroupOperation.swift in Sources */,
				B21CC42E228012EC00114ACC /* ModelVersions.swift in Sources */,
				B2954BAA227C926100B8D37C /* UIUserNotifications+Operations.swift in Sources */,
				B2954BBC227C9B5100B8D37C /* UIView+identificators.swift in Sources */,
				B281595B2281928800F09F6F /* FiltersModel.swift in Sources */,
				B2954B58227C7D6000B8D37C /* RouterErrors.swift in Sources */,
				B2954B5A227C815D00B8D37C /* API.swift in Sources */,
				B21DFE0C2296D74F0007A1B8 /* SaveCollectionResponseOperation.swift in Sources */,
			);
			runOnlyForDeploymentPostprocessing = 0;
		};
/* End PBXSourcesBuildPhase section */

/* Begin PBXVariantGroup section */
		B2954B3D227C405700B8D37C /* Main.storyboard */ = {
			isa = PBXVariantGroup;
			children = (
				B2954B3E227C405700B8D37C /* Base */,
			);
			name = Main.storyboard;
			sourceTree = "<group>";
		};
		B2954B45227C405800B8D37C /* LaunchScreen.storyboard */ = {
			isa = PBXVariantGroup;
			children = (
				B2954B46227C405800B8D37C /* Base */,
			);
			name = LaunchScreen.storyboard;
			sourceTree = "<group>";
		};
/* End PBXVariantGroup section */

/* Begin XCBuildConfiguration section */
		B2954B49227C405800B8D37C /* Debug */ = {
			isa = XCBuildConfiguration;
			buildSettings = {
				ALWAYS_SEARCH_USER_PATHS = NO;
				CLANG_ANALYZER_NONNULL = YES;
				CLANG_ANALYZER_NUMBER_OBJECT_CONVERSION = YES_AGGRESSIVE;
				CLANG_CXX_LANGUAGE_STANDARD = "gnu++14";
				CLANG_CXX_LIBRARY = "libc++";
				CLANG_ENABLE_MODULES = YES;
				CLANG_ENABLE_OBJC_ARC = YES;
				CLANG_ENABLE_OBJC_WEAK = YES;
				CLANG_WARN_BLOCK_CAPTURE_AUTORELEASING = YES;
				CLANG_WARN_BOOL_CONVERSION = YES;
				CLANG_WARN_COMMA = YES;
				CLANG_WARN_CONSTANT_CONVERSION = YES;
				CLANG_WARN_DEPRECATED_OBJC_IMPLEMENTATIONS = YES;
				CLANG_WARN_DIRECT_OBJC_ISA_USAGE = YES_ERROR;
				CLANG_WARN_DOCUMENTATION_COMMENTS = YES;
				CLANG_WARN_EMPTY_BODY = YES;
				CLANG_WARN_ENUM_CONVERSION = YES;
				CLANG_WARN_INFINITE_RECURSION = YES;
				CLANG_WARN_INT_CONVERSION = YES;
				CLANG_WARN_NON_LITERAL_NULL_CONVERSION = YES;
				CLANG_WARN_OBJC_IMPLICIT_RETAIN_SELF = YES;
				CLANG_WARN_OBJC_LITERAL_CONVERSION = YES;
				CLANG_WARN_OBJC_ROOT_CLASS = YES_ERROR;
				CLANG_WARN_RANGE_LOOP_ANALYSIS = YES;
				CLANG_WARN_STRICT_PROTOTYPES = YES;
				CLANG_WARN_SUSPICIOUS_MOVE = YES;
				CLANG_WARN_UNGUARDED_AVAILABILITY = YES_AGGRESSIVE;
				CLANG_WARN_UNREACHABLE_CODE = YES;
				CLANG_WARN__DUPLICATE_METHOD_MATCH = YES;
				CODE_SIGN_IDENTITY = "iPhone Developer";
				COPY_PHASE_STRIP = NO;
				DEBUG_INFORMATION_FORMAT = dwarf;
				ENABLE_STRICT_OBJC_MSGSEND = YES;
				ENABLE_TESTABILITY = YES;
				GCC_C_LANGUAGE_STANDARD = gnu11;
				GCC_DYNAMIC_NO_PIC = NO;
				GCC_NO_COMMON_BLOCKS = YES;
				GCC_OPTIMIZATION_LEVEL = 0;
				GCC_PREPROCESSOR_DEFINITIONS = (
					"DEBUG=1",
					"$(inherited)",
				);
				GCC_WARN_64_TO_32_BIT_CONVERSION = YES;
				GCC_WARN_ABOUT_RETURN_TYPE = YES_ERROR;
				GCC_WARN_UNDECLARED_SELECTOR = YES;
				GCC_WARN_UNINITIALIZED_AUTOS = YES_AGGRESSIVE;
				GCC_WARN_UNUSED_FUNCTION = YES;
				GCC_WARN_UNUSED_VARIABLE = YES;
				IPHONEOS_DEPLOYMENT_TARGET = 12.2;
				MTL_ENABLE_DEBUG_INFO = INCLUDE_SOURCE;
				MTL_FAST_MATH = YES;
				ONLY_ACTIVE_ARCH = YES;
				SDKROOT = iphoneos;
				SWIFT_ACTIVE_COMPILATION_CONDITIONS = DEBUG;
				SWIFT_OPTIMIZATION_LEVEL = "-Onone";
			};
			name = Debug;
		};
		B2954B4A227C405800B8D37C /* Release */ = {
			isa = XCBuildConfiguration;
			buildSettings = {
				ALWAYS_SEARCH_USER_PATHS = NO;
				CLANG_ANALYZER_NONNULL = YES;
				CLANG_ANALYZER_NUMBER_OBJECT_CONVERSION = YES_AGGRESSIVE;
				CLANG_CXX_LANGUAGE_STANDARD = "gnu++14";
				CLANG_CXX_LIBRARY = "libc++";
				CLANG_ENABLE_MODULES = YES;
				CLANG_ENABLE_OBJC_ARC = YES;
				CLANG_ENABLE_OBJC_WEAK = YES;
				CLANG_WARN_BLOCK_CAPTURE_AUTORELEASING = YES;
				CLANG_WARN_BOOL_CONVERSION = YES;
				CLANG_WARN_COMMA = YES;
				CLANG_WARN_CONSTANT_CONVERSION = YES;
				CLANG_WARN_DEPRECATED_OBJC_IMPLEMENTATIONS = YES;
				CLANG_WARN_DIRECT_OBJC_ISA_USAGE = YES_ERROR;
				CLANG_WARN_DOCUMENTATION_COMMENTS = YES;
				CLANG_WARN_EMPTY_BODY = YES;
				CLANG_WARN_ENUM_CONVERSION = YES;
				CLANG_WARN_INFINITE_RECURSION = YES;
				CLANG_WARN_INT_CONVERSION = YES;
				CLANG_WARN_NON_LITERAL_NULL_CONVERSION = YES;
				CLANG_WARN_OBJC_IMPLICIT_RETAIN_SELF = YES;
				CLANG_WARN_OBJC_LITERAL_CONVERSION = YES;
				CLANG_WARN_OBJC_ROOT_CLASS = YES_ERROR;
				CLANG_WARN_RANGE_LOOP_ANALYSIS = YES;
				CLANG_WARN_STRICT_PROTOTYPES = YES;
				CLANG_WARN_SUSPICIOUS_MOVE = YES;
				CLANG_WARN_UNGUARDED_AVAILABILITY = YES_AGGRESSIVE;
				CLANG_WARN_UNREACHABLE_CODE = YES;
				CLANG_WARN__DUPLICATE_METHOD_MATCH = YES;
				CODE_SIGN_IDENTITY = "iPhone Developer";
				COPY_PHASE_STRIP = NO;
				DEBUG_INFORMATION_FORMAT = "dwarf-with-dsym";
				ENABLE_NS_ASSERTIONS = NO;
				ENABLE_STRICT_OBJC_MSGSEND = YES;
				GCC_C_LANGUAGE_STANDARD = gnu11;
				GCC_NO_COMMON_BLOCKS = YES;
				GCC_WARN_64_TO_32_BIT_CONVERSION = YES;
				GCC_WARN_ABOUT_RETURN_TYPE = YES_ERROR;
				GCC_WARN_UNDECLARED_SELECTOR = YES;
				GCC_WARN_UNINITIALIZED_AUTOS = YES_AGGRESSIVE;
				GCC_WARN_UNUSED_FUNCTION = YES;
				GCC_WARN_UNUSED_VARIABLE = YES;
				IPHONEOS_DEPLOYMENT_TARGET = 12.2;
				MTL_ENABLE_DEBUG_INFO = NO;
				MTL_FAST_MATH = YES;
				SDKROOT = iphoneos;
				SWIFT_COMPILATION_MODE = wholemodule;
				SWIFT_OPTIMIZATION_LEVEL = "-O";
				VALIDATE_PRODUCT = YES;
			};
			name = Release;
		};
		B2954B4C227C405800B8D37C /* Debug */ = {
			isa = XCBuildConfiguration;
			baseConfigurationReference = FE2BF7CA5F1EF5D8619F2543 /* Pods-Tasveer.debug.xcconfig */;
			buildSettings = {
				ASSETCATALOG_COMPILER_APPICON_NAME = AppIcon;
				CODE_SIGN_STYLE = Automatic;
				DEBUG_INFORMATION_FORMAT = "dwarf-with-dsym";
				DEVELOPMENT_TEAM = 2JRU28287L;
				INFOPLIST_FILE = Tasveer/Info.plist;
				LD_RUNPATH_SEARCH_PATHS = (
					"$(inherited)",
					"@executable_path/Frameworks",
				);
				PRODUCT_BUNDLE_IDENTIFIER = com.bumi.Tasveer;
				PRODUCT_NAME = "$(TARGET_NAME)";
				SWIFT_VERSION = 5.0;
				TARGETED_DEVICE_FAMILY = "1,2";
			};
			name = Debug;
		};
		B2954B4D227C405800B8D37C /* Release */ = {
			isa = XCBuildConfiguration;
			baseConfigurationReference = A894A9C79A642E5D3B8CC975 /* Pods-Tasveer.release.xcconfig */;
			buildSettings = {
				ASSETCATALOG_COMPILER_APPICON_NAME = AppIcon;
				CODE_SIGN_STYLE = Automatic;
				DEVELOPMENT_TEAM = 2JRU28287L;
				INFOPLIST_FILE = Tasveer/Info.plist;
				LD_RUNPATH_SEARCH_PATHS = (
					"$(inherited)",
					"@executable_path/Frameworks",
				);
				PRODUCT_BUNDLE_IDENTIFIER = com.bumi.Tasveer;
				PRODUCT_NAME = "$(TARGET_NAME)";
				SWIFT_VERSION = 5.0;
				TARGETED_DEVICE_FAMILY = "1,2";
			};
			name = Release;
		};
/* End XCBuildConfiguration section */

/* Begin XCConfigurationList section */
		B2954B31227C405700B8D37C /* Build configuration list for PBXProject "Tasveer" */ = {
			isa = XCConfigurationList;
			buildConfigurations = (
				B2954B49227C405800B8D37C /* Debug */,
				B2954B4A227C405800B8D37C /* Release */,
			);
			defaultConfigurationIsVisible = 0;
			defaultConfigurationName = Release;
		};
		B2954B4B227C405800B8D37C /* Build configuration list for PBXNativeTarget "Tasveer" */ = {
			isa = XCConfigurationList;
			buildConfigurations = (
				B2954B4C227C405800B8D37C /* Debug */,
				B2954B4D227C405800B8D37C /* Release */,
			);
			defaultConfigurationIsVisible = 0;
			defaultConfigurationName = Release;
		};
/* End XCConfigurationList section */

/* Begin XCVersionGroup section */
		B2954B40227C405700B8D37C /* Tasveer.xcdatamodeld */ = {
			isa = XCVersionGroup;
			children = (
				B2954B41227C405700B8D37C /* Tasveer.xcdatamodel */,
			);
			currentVersion = B2954B41227C405700B8D37C /* Tasveer.xcdatamodel */;
			path = Tasveer.xcdatamodeld;
			sourceTree = "<group>";
			versionGroupType = wrapper.xcdatamodel;
		};
/* End XCVersionGroup section */
	};
	rootObject = B2954B2E227C405700B8D37C /* Project object */;
}
